<?xml version="1.0" encoding="utf-8"?>
<Project ToolsVersion="4.0" xmlns="http://schemas.microsoft.com/developer/msbuild/2003">
  <ItemGroup>
    <Filter Include="Source Files">
      <UniqueIdentifier>{8aa634d8-6da0-4a17-9a5a-b5f1782e7382}</UniqueIdentifier>
      <Extensions>cpp;c;cxx;def;odl;idl;hpj;bat;asm</Extensions>
    </Filter>
  </ItemGroup>
  <ItemGroup>
    <ClCompile Include="src\Application.cpp">
      <Filter>Source Files</Filter>
    </ClCompile>
    <ClCompile Include="src\Main.cpp">
      <Filter>Source Files</Filter>
    </ClCompile>
    <ClCompile Include="src\SPMesh.cpp">
      <Filter>Source Files</Filter>
    </ClCompile>
    <ClCompile Include="src\SPMeshFixedFunctions.cpp">
      <Filter>Source Files</Filter>
    </ClCompile>
    <ClCompile Include="src\SPMeshShaders.cpp">
      <Filter>Source Files</Filter>
    </ClCompile>
  </ItemGroup>
  <ItemGroup>
    <ClInclude Include="src\Application.h">
      <Filter>Source Files</Filter>
    </ClInclude>
    <ClInclude Include="src\SPMesh.h">
      <Filter>Source Files</Filter>
    </ClInclude>
    <ClInclude Include="src\SPMeshFixedFunctions.h">
      <Filter>Source Files</Filter>
    </ClInclude>
    <ClInclude Include="src\SPMeshShaders.h">
      <Filter>Source Files</Filter>
    </ClInclude>
    <ClInclude Include="src\SPMeshShaders_Cg.h">
      <Filter>Source Files</Filter>
    </ClInclude>
    <ClInclude Include="src\SPMeshShaders_GLSL.h">
      <Filter>Source Files</Filter>
    </ClInclude>
  </ItemGroup>
  <ItemGroup>
    <None Include="CMakeLists.txt" />
    <None Include="..\Diary.txt" />
  </ItemGroup>
</Project>