<?xml version="1.0" encoding="utf-8"?>
<Project ToolsVersion="4.0" xmlns="http://schemas.microsoft.com/developer/msbuild/2003">
  <ItemGroup>
    <Filter Include="PLCore">
      <UniqueIdentifier>{f11b1b1a-b2c6-414e-819c-5ac180b4f852}</UniqueIdentifier>
    </Filter>
    <Filter Include="PLCore\Container">
      <UniqueIdentifier>{685e2af7-6b9a-42cd-9543-c1bd2ef539a2}</UniqueIdentifier>
    </Filter>
    <Filter Include="UnitTest++AddIns">
      <UniqueIdentifier>{a19cc6be-ea5f-49a3-a330-e433b06acec8}</UniqueIdentifier>
    </Filter>
    <Filter Include="UnitTest++AddInsPerformance">
      <UniqueIdentifier>{86f33f41-58e9-48bd-aa39-a59084e9b34b}</UniqueIdentifier>
    </Filter>
    <Filter Include="PLCore\String">
      <UniqueIdentifier>{425fa30e-edc9-41b0-b9e4-f12f69cf1fcc}</UniqueIdentifier>
    </Filter>
  </ItemGroup>
  <ItemGroup>
    <ClCompile Include="..\PLUnitTests\src\UnitTest++AddIns\RunAllTests.cpp">
      <Filter>UnitTest++AddIns</Filter>
    </ClCompile>
    <ClCompile Include="..\PLUnitTests\src\UnitTest++AddIns\wchar_template.cpp">
      <Filter>UnitTest++AddIns</Filter>
    </ClCompile>
    <ClCompile Include="src\Main.cpp" />
    <ClCompile Include="src\UnitTestsPerformance.cpp" />
    <ClCompile Include="src\UnitTest++AddIns\MyPerformanceReporter.cpp">
      <Filter>UnitTest++AddInsPerformance</Filter>
    </ClCompile>
    <ClCompile Include="src\PLCore\String\String.cpp">
      <Filter>PLCore\String</Filter>
    </ClCompile>
    <ClCompile Include="src\PLCore\Container\Functions.cpp">
      <Filter>PLCore\Container</Filter>
    </ClCompile>
    <ClCompile Include="src\PLCore\Container\Hashmap.cpp">
      <Filter>PLCore\Container</Filter>
    </ClCompile>
    <ClCompile Include="src\PLCore\Container\List.cpp">
      <Filter>PLCore\Container</Filter>
    </ClCompile>
    <ClCompile Include="src\PLCore\Container\Queue.cpp">
      <Filter>PLCore\Container</Filter>
    </ClCompile>
    <ClCompile Include="src\PLCore\Container\Stack.cpp">
      <Filter>PLCore\Container</Filter>
    </ClCompile>
    <ClCompile Include="src\PLCore\Container\Array.cpp">
      <Filter>PLCore\Container</Filter>
    </ClCompile>
  </ItemGroup>
  <ItemGroup>
    <ClInclude Include="..\PLUnitTests\include\UnitTest++AddIns\RunAllTests.h">
      <Filter>UnitTest++AddIns</Filter>
    </ClInclude>
    <ClInclude Include="..\PLUnitTests\include\UnitTest++AddIns\wchar_template.h">
      <Filter>UnitTest++AddIns</Filter>
    </ClInclude>
    <ClInclude Include="include\UnitTest++AddIns\MyPerformanceReporter.h">
      <Filter>UnitTest++AddInsPerformance</Filter>
    </ClInclude>
  </ItemGroup>
  <ItemGroup>
    <None Include="CMakeLists.txt" />
    <None Include="..\Diary.txt" />
  </ItemGroup>
</Project>