<?xml version="1.0" encoding="utf-8"?>
<Project ToolsVersion="4.0" xmlns="http://schemas.microsoft.com/developer/msbuild/2003">
  <ItemGroup>
    <Filter Include="Source Files">
      <UniqueIdentifier>{6d9a54e5-5a3d-423d-8aa3-6fa80c2ec05d}</UniqueIdentifier>
      <Extensions>cpp;c;cxx;def;odl;idl;hpj;bat;asm</Extensions>
    </Filter>
  </ItemGroup>
  <ItemGroup>
    <ClCompile Include="src\Database.cpp">
      <Filter>Source Files</Filter>
    </ClCompile>
    <ClCompile Include="src\DatabaseQuery.cpp">
      <Filter>Source Files</Filter>
    </ClCompile>
    <ClCompile Include="src\DatabaseQueryResult.cpp">
      <Filter>Source Files</Filter>
    </ClCompile>
    <ClCompile Include="src\PLDatabaseNull.cpp">
      <Filter>Source Files</Filter>
    </ClCompile>
  </ItemGroup>
  <ItemGroup>
    <ClInclude Include="include\PLDatabaseNull\Database.h">
      <Filter>Source Files</Filter>
    </ClInclude>
    <ClInclude Include="include\PLDatabaseNull\DatabaseQuery.h">
      <Filter>Source Files</Filter>
    </ClInclude>
    <ClInclude Include="include\PLDatabaseNull\DatabaseQueryResult.h">
      <Filter>Source Files</Filter>
    </ClInclude>
    <ClInclude Include="include\PLDatabaseNull\PLDatabaseNull.h">
      <Filter>Source Files</Filter>
    </ClInclude>
    <ClInclude Include="include\PLDatabaseNull\PLDatabaseNullLinux.h">
      <Filter>Source Files</Filter>
    </ClInclude>
    <ClInclude Include="include\PLDatabaseNull\PLDatabaseNullWindows.h">
      <Filter>Source Files</Filter>
    </ClInclude>
  </ItemGroup>
  <ItemGroup>
    <None Include="CMakeLists.txt" />
    <None Include="..\PLDatabase\Diary.txt" />
  </ItemGroup>
</Project>