<?xml version="1.0" encoding="utf-8"?>
<Project ToolsVersion="4.0" xmlns="http://schemas.microsoft.com/developer/msbuild/2003">
  <ItemGroup>
    <Filter Include="Source Files">
      <UniqueIdentifier>{569a99e2-f11a-41c6-9712-b83d4752cdb3}</UniqueIdentifier>
      <Extensions>cpp;c;cxx;def;odl;idl;hpj;bat;asm</Extensions>
    </Filter>
    <Filter Include="General">
      <UniqueIdentifier>{a9d30b18-1d94-4c0f-8a43-7bbdadc9b2f1}</UniqueIdentifier>
    </Filter>
    <Filter Include="Math">
      <UniqueIdentifier>{42e8d75f-5cf6-4f4a-8934-d1e730d760f3}</UniqueIdentifier>
    </Filter>
    <Filter Include="Database">
      <UniqueIdentifier>{82e1f624-3a37-4a1c-b0a0-d9086a29d63c}</UniqueIdentifier>
    </Filter>
    <Filter Include="Graphics">
      <UniqueIdentifier>{bbe0ee24-7649-48f6-8e95-5bc0c45b1001}</UniqueIdentifier>
    </Filter>
    <Filter Include="Core">
      <UniqueIdentifier>{fbb18131-ef6d-4372-a1f2-f7ad02895c2f}</UniqueIdentifier>
    </Filter>
  </ItemGroup>
  <ItemGroup>
    <ClCompile Include="src\main.cpp">
      <Filter>Source Files</Filter>
    </ClCompile>
    <ClCompile Include="src\General\General.cpp">
      <Filter>General</Filter>
    </ClCompile>
    <ClCompile Include="src\General\MultiThreadingTest.cpp">
      <Filter>General</Filter>
    </ClCompile>
    <ClCompile Include="src\General\QuickSortTest.cpp">
      <Filter>General</Filter>
    </ClCompile>
    <ClCompile Include="src\General\SingletonTest.cpp">
      <Filter>General</Filter>
    </ClCompile>
    <ClCompile Include="src\General\SystemTest.cpp">
      <Filter>General</Filter>
    </ClCompile>
    <ClCompile Include="src\General\TimeTest.cpp">
      <Filter>General</Filter>
    </ClCompile>
    <ClCompile Include="src\General\TokenizerTest.cpp">
      <Filter>General</Filter>
    </ClCompile>
    <ClCompile Include="src\General\UTF8ToolsTest.cpp">
      <Filter>General</Filter>
    </ClCompile>
    <ClCompile Include="src\General\XmlTest.cpp">
      <Filter>General</Filter>
    </ClCompile>
    <ClCompile Include="src\Math\GraphPathTest.cpp">
      <Filter>Math</Filter>
    </ClCompile>
    <ClCompile Include="src\Math\GraphTest.cpp">
      <Filter>Math</Filter>
    </ClCompile>
    <ClCompile Include="src\Math\Math.cpp">
      <Filter>Math</Filter>
    </ClCompile>
    <ClCompile Include="src\Math\MathClassTest.cpp">
      <Filter>Math</Filter>
    </ClCompile>
    <ClCompile Include="src\Math\QuaternionTest.cpp">
      <Filter>Math</Filter>
    </ClCompile>
    <ClCompile Include="src\Database\Database.cpp">
      <Filter>Database</Filter>
    </ClCompile>
    <ClCompile Include="src\Database\DatabaseTest.cpp">
      <Filter>Database</Filter>
    </ClCompile>
    <ClCompile Include="src\Database\DatabaseTestMySQL.cpp">
      <Filter>Database</Filter>
    </ClCompile>
    <ClCompile Include="src\Database\DatabaseTestPostgreSQL.cpp">
      <Filter>Database</Filter>
    </ClCompile>
    <ClCompile Include="src\Database\DatabaseTestSQLite.cpp">
      <Filter>Database</Filter>
    </ClCompile>
    <ClCompile Include="src\Graphics\Graphics.cpp">
      <Filter>Graphics</Filter>
    </ClCompile>
    <ClCompile Include="src\Graphics\ImageTest.cpp">
      <Filter>Graphics</Filter>
    </ClCompile>
    <ClCompile Include="src\Core\ChunkTest.cpp">
      <Filter>Core</Filter>
    </ClCompile>
    <ClCompile Include="src\Core\Core.cpp">
      <Filter>Core</Filter>
    </ClCompile>
  </ItemGroup>
  <ItemGroup>
    <ClInclude Include="include\PLTestBase\General\General.h">
      <Filter>General</Filter>
    </ClInclude>
    <ClInclude Include="include\PLTestBase\General\MultiThreadingTest.h">
      <Filter>General</Filter>
    </ClInclude>
    <ClInclude Include="include\PLTestBase\General\QuickSortTest.h">
      <Filter>General</Filter>
    </ClInclude>
    <ClInclude Include="include\PLTestBase\General\SingletonTest.h">
      <Filter>General</Filter>
    </ClInclude>
    <ClInclude Include="include\PLTestBase\General\SystemTest.h">
      <Filter>General</Filter>
    </ClInclude>
    <ClInclude Include="include\PLTestBase\General\TimeTest.h">
      <Filter>General</Filter>
    </ClInclude>
    <ClInclude Include="include\PLTestBase\General\TokenizerTest.h">
      <Filter>General</Filter>
    </ClInclude>
    <ClInclude Include="include\PLTestBase\General\UTF8ToolsTest.h">
      <Filter>General</Filter>
    </ClInclude>
    <ClInclude Include="include\PLTestBase\General\XmlTest.h">
      <Filter>General</Filter>
    </ClInclude>
    <ClInclude Include="include\PLTestBase\Math\GraphPathTest.h">
      <Filter>Math</Filter>
    </ClInclude>
    <ClInclude Include="include\PLTestBase\Math\GraphTest.h">
      <Filter>Math</Filter>
    </ClInclude>
    <ClInclude Include="include\PLTestBase\Math\Math.h">
      <Filter>Math</Filter>
    </ClInclude>
    <ClInclude Include="include\PLTestBase\Math\MathClassTest.h">
      <Filter>Math</Filter>
    </ClInclude>
    <ClInclude Include="include\PLTestBase\Math\QuaternionTest.h">
      <Filter>Math</Filter>
    </ClInclude>
    <ClInclude Include="include\PLTestBase\Database\Database.h">
      <Filter>Database</Filter>
    </ClInclude>
    <ClInclude Include="include\PLTestBase\Database\DatabaseTest.h">
      <Filter>Database</Filter>
    </ClInclude>
    <ClInclude Include="include\PLTestBase\Database\DatabaseTestMySQL.h">
      <Filter>Database</Filter>
    </ClInclude>
    <ClInclude Include="include\PLTestBase\Database\DatabaseTestPostgreSQL.h">
      <Filter>Database</Filter>
    </ClInclude>
    <ClInclude Include="include\PLTestBase\Database\DatabaseTestSQLite.h">
      <Filter>Database</Filter>
    </ClInclude>
    <ClInclude Include="include\PLTestBase\Graphics\Graphics.h">
      <Filter>Graphics</Filter>
    </ClInclude>
    <ClInclude Include="include\PLTestBase\Graphics\ImageTest.h">
      <Filter>Graphics</Filter>
    </ClInclude>
    <ClInclude Include="include\PLTestBase\Core\ChunkTest.h">
      <Filter>Core</Filter>
    </ClInclude>
    <ClInclude Include="include\PLTestBase\Core\Core.h">
      <Filter>Core</Filter>
    </ClInclude>
  </ItemGroup>
  <ItemGroup>
    <None Include="CMakeLists.txt" />
    <None Include="..\Diary.txt" />
  </ItemGroup>
</Project>