Microsoft Visual Studio Solution File, Format Version 10.00
# Visual Studio 2008
Project("{8BC9CEB8-8B4A-11D0-8D11-00A0C91BC942}") = "PLXmlText", "PLXmlText\PLXmlText.vcproj", "{DCFD2AD6-88C6-465D-A1BD-243F9CF3D93E}"
EndProject
Project("{8BC9CEB8-8B4A-11D0-8D11-00A0C91BC942}") = "PLGui", "PLGui\PLGui.vcproj", "{BE939BC0-5787-4AB9-A3D8-0259F58BE436}"
EndProject
Global
	GlobalSection(SolutionConfigurationPlatforms) = preSolution
		Debug|Win32 = Debug|Win32
		Debug|x64 = Debug|x64
		Release|Win32 = Release|Win32
		Release|x64 = Release|x64
	EndGlobalSection
	GlobalSection(ProjectConfigurationPlatforms) = postSolution
		{DCFD2AD6-88C6-465D-A1BD-243F9CF3D93E}.Debug|Win32.ActiveCfg = Debug|Win32
		{DCFD2AD6-88C6-465D-A1BD-243F9CF3D93E}.Debug|Win32.Build.0 = Debug|Win32
		{DCFD2AD6-88C6-465D-A1BD-243F9CF3D93E}.Debug|x64.ActiveCfg = Debug|Win32
		{DCFD2AD6-88C6-465D-A1BD-243F9CF3D93E}.Release|Win32.ActiveCfg = Release|Win32
		{DCFD2AD6-88C6-465D-A1BD-243F9CF3D93E}.Release|Win32.Build.0 = Release|Win32
		{DCFD2AD6-88C6-465D-A1BD-243F9CF3D93E}.Release|x64.ActiveCfg = Release|Win32
		{BE939BC0-5787-4AB9-A3D8-0259F58BE436}.Debug|Win32.ActiveCfg = Debug|Win32
		{BE939BC0-5787-4AB9-A3D8-0259F58BE436}.Debug|Win32.Build.0 = Debug|Win32
		{BE939BC0-5787-4AB9-A3D8-0259F58BE436}.Debug|x64.ActiveCfg = Debug|Win32
		{BE939BC0-5787-4AB9-A3D8-0259F58BE436}.Release|Win32.ActiveCfg = Release|Win32
		{BE939BC0-5787-4AB9-A3D8-0259F58BE436}.Release|Win32.Build.0 = Release|Win32
		{BE939BC0-5787-4AB9-A3D8-0259F58BE436}.Release|x64.ActiveCfg = Release|Win32
	EndGlobalSection
	GlobalSection(SolutionProperties) = preSolution
		HideSolutionNode = FALSE
	EndGlobalSection
EndGlobal
