<?xml version="1.0" encoding="utf-8"?>
<Project ToolsVersion="4.0" xmlns="http://schemas.microsoft.com/developer/msbuild/2003">
  <ItemGroup>
    <ClCompile Include="src\PLVolumeGui.cpp" />
    <ClCompile Include="src\DockWidgetVolume.cpp" />
    <ClCompile Include="src\DockWidgetVolumeTransferFunction.cpp" />
    <ClCompile Include="src\DockWidgetVolumeInformation.cpp" />
    <ClCompile Include="src\DockWidgetVolumeTransferFunctionQObject.cpp" />
    <ClCompile Include="build\GeneratedQtFiles\moc_DockWidgetVolumeTransferFunctionQObject.cpp">
      <Filter>GeneratedQtFiles</Filter>
    </ClCompile>
    <ClCompile Include="src\TransferFunctionWidget.cpp" />
  </ItemGroup>
  <ItemGroup>
    <ClInclude Include="include\PLVolumeGui\PLVolumeGui.h" />
    <ClInclude Include="include\PLVolumeGui\DockWidgetVolume.h" />
    <ClInclude Include="include\PLVolumeGui\DockWidgetVolumeTransferFunction.h" />
    <ClInclude Include="include\PLVolumeGui\DockWidgetVolumeInformation.h" />
    <ClInclude Include="include\PLVolumeGui\TransferFunctionWidget.h" />
  </ItemGroup>
  <ItemGroup>
    <None Include="CMakeLists.txt" />
    <None Include="..\PLVolume\Diary.txt" />
  </ItemGroup>
  <ItemGroup>
    <CustomBuild Include="include\PLVolumeGui\DockWidgetVolumeTransferFunctionQObject.h" />
  </ItemGroup>
  <ItemGroup>
    <Filter Include="GeneratedQtFiles">
      <UniqueIdentifier>{374a4fcb-e10b-431b-afd7-bc48163825da}</UniqueIdentifier>
    </Filter>
  </ItemGroup>
</Project>