Microsoft Visual Studio Solution File, Format Version 10.00
# Visual Studio 2008
Project("{8BC9CEB8-8B4A-11D0-8D11-00A0C91BC942}") = "PLGeneral", "PLBase\PLGeneral\PLGeneral.vcproj", "{909CCD7C-873C-4F9E-AB2D-0881E14E6134}"
EndProject
Project("{8BC9CEB8-8B4A-11D0-8D11-00A0C91BC942}") = "PLCore", "PLBase\PLCore\PLCore.vcproj", "{E793F581-0152-4143-9809-6EEEF19360A6}"
	ProjectSection(ProjectDependencies) = postProject
		{909CCD7C-873C-4F9E-AB2D-0881E14E6134} = {909CCD7C-873C-4F9E-AB2D-0881E14E6134}
	EndProjectSection
EndProject
Project("{8BC9CEB8-8B4A-11D0-8D11-00A0C91BC942}") = "99Test", "PLSamples\99Test\99Test.vcproj", "{0A3B9AA9-9FBE-474E-8AB4-D85471845B57}"
	ProjectSection(ProjectDependencies) = postProject
		{909CCD7C-873C-4F9E-AB2D-0881E14E6134} = {909CCD7C-873C-4F9E-AB2D-0881E14E6134}
		{E793F581-0152-4143-9809-6EEEF19360A6} = {E793F581-0152-4143-9809-6EEEF19360A6}
		{4583DF88-5647-4B7C-B9B8-B35CE47C34AF} = {4583DF88-5647-4B7C-B9B8-B35CE47C34AF}
		{BE939BC0-5787-4AB9-A3D8-0259F58BE436} = {BE939BC0-5787-4AB9-A3D8-0259F58BE436}
	EndProjectSection
EndProject
Project("{8BC9CEB8-8B4A-11D0-8D11-00A0C91BC942}") = "99TestPlugin", "PLSamples\99TestPlugin\99TestPlugin.vcproj", "{4583DF88-5647-4B7C-B9B8-B35CE47C34AF}"
	ProjectSection(ProjectDependencies) = postProject
		{909CCD7C-873C-4F9E-AB2D-0881E14E6134} = {909CCD7C-873C-4F9E-AB2D-0881E14E6134}
		{E793F581-0152-4143-9809-6EEEF19360A6} = {E793F581-0152-4143-9809-6EEEF19360A6}
	EndProjectSection
EndProject
Project("{8BC9CEB8-8B4A-11D0-8D11-00A0C91BC942}") = "PLGui", "PLGui\PLGui\PLGui.vcproj", "{BE939BC0-5787-4AB9-A3D8-0259F58BE436}"
	ProjectSection(ProjectDependencies) = postProject
		{909CCD7C-873C-4F9E-AB2D-0881E14E6134} = {909CCD7C-873C-4F9E-AB2D-0881E14E6134}
		{E793F581-0152-4143-9809-6EEEF19360A6} = {E793F581-0152-4143-9809-6EEEF19360A6}
		{43032FD4-D3BB-41B9-BC18-5AC8A76BCA96} = {43032FD4-D3BB-41B9-BC18-5AC8A76BCA96}
		{46F614F4-FA79-4A0F-A17E-B888A4878465} = {46F614F4-FA79-4A0F-A17E-B888A4878465}
	EndProjectSection
EndProject
Project("{8BC9CEB8-8B4A-11D0-8D11-00A0C91BC942}") = "98GuiTest", "PLSamples\98GuiTest\98GuiTest.vcproj", "{1A4271BA-6FFA-21BE-C044-D16D8E84530A}"
	ProjectSection(ProjectDependencies) = postProject
		{909CCD7C-873C-4F9E-AB2D-0881E14E6134} = {909CCD7C-873C-4F9E-AB2D-0881E14E6134}
		{E793F581-0152-4143-9809-6EEEF19360A6} = {E793F581-0152-4143-9809-6EEEF19360A6}
		{BE939BC0-5787-4AB9-A3D8-0259F58BE436} = {BE939BC0-5787-4AB9-A3D8-0259F58BE436}
	EndProjectSection
EndProject
Project("{8BC9CEB8-8B4A-11D0-8D11-00A0C91BC942}") = "PLMath", "PLBase\PLMath\PLMath.vcproj", "{43032FD4-D3BB-41B9-BC18-5AC8A76BCA96}"
	ProjectSection(ProjectDependencies) = postProject
		{909CCD7C-873C-4F9E-AB2D-0881E14E6134} = {909CCD7C-873C-4F9E-AB2D-0881E14E6134}
		{E793F581-0152-4143-9809-6EEEF19360A6} = {E793F581-0152-4143-9809-6EEEF19360A6}
	EndProjectSection
EndProject
Project("{8BC9CEB8-8B4A-11D0-8D11-00A0C91BC942}") = "PLGraphics", "PLBase\PLGraphics\PLGraphics.vcproj", "{46F614F4-FA79-4A0F-A17E-B888A4878465}"
	ProjectSection(ProjectDependencies) = postProject
		{909CCD7C-873C-4F9E-AB2D-0881E14E6134} = {909CCD7C-873C-4F9E-AB2D-0881E14E6134}
		{E793F581-0152-4143-9809-6EEEF19360A6} = {E793F581-0152-4143-9809-6EEEF19360A6}
	EndProjectSection
EndProject
Project("{8BC9CEB8-8B4A-11D0-8D11-00A0C91BC942}") = "20Gui", "PLSamples\20Gui\20Gui.vcproj", "{D241ED2E-AEBE-40F1-8BAB-2FE7736023DB}"
	ProjectSection(ProjectDependencies) = postProject
		{909CCD7C-873C-4F9E-AB2D-0881E14E6134} = {909CCD7C-873C-4F9E-AB2D-0881E14E6134}
		{E793F581-0152-4143-9809-6EEEF19360A6} = {E793F581-0152-4143-9809-6EEEF19360A6}
		{BE939BC0-5787-4AB9-A3D8-0259F58BE436} = {BE939BC0-5787-4AB9-A3D8-0259F58BE436}
		{43032FD4-D3BB-41B9-BC18-5AC8A76BCA96} = {43032FD4-D3BB-41B9-BC18-5AC8A76BCA96}
		{46F614F4-FA79-4A0F-A17E-B888A4878465} = {46F614F4-FA79-4A0F-A17E-B888A4878465}
	EndProjectSection
EndProject
Project("{8BC9CEB8-8B4A-11D0-8D11-00A0C91BC942}") = "PLInput", "PLEngine\PLInput\PLInput.vcproj", "{40522B50-4DAC-47EF-BEB9-F519EE6FEC3E}"
	ProjectSection(ProjectDependencies) = postProject
		{909CCD7C-873C-4F9E-AB2D-0881E14E6134} = {909CCD7C-873C-4F9E-AB2D-0881E14E6134}
		{E793F581-0152-4143-9809-6EEEF19360A6} = {E793F581-0152-4143-9809-6EEEF19360A6}
		{43032FD4-D3BB-41B9-BC18-5AC8A76BCA96} = {43032FD4-D3BB-41B9-BC18-5AC8A76BCA96}
	EndProjectSection
EndProject
Project("{8BC9CEB8-8B4A-11D0-8D11-00A0C91BC942}") = "30Input", "PLSamples\30Input\30Input.vcproj", "{6E9BD895-888A-4A32-A736-D122EF0100B4}"
	ProjectSection(ProjectDependencies) = postProject
		{40522B50-4DAC-47EF-BEB9-F519EE6FEC3E} = {40522B50-4DAC-47EF-BEB9-F519EE6FEC3E}
		{909CCD7C-873C-4F9E-AB2D-0881E14E6134} = {909CCD7C-873C-4F9E-AB2D-0881E14E6134}
		{E793F581-0152-4143-9809-6EEEF19360A6} = {E793F581-0152-4143-9809-6EEEF19360A6}
		{BE939BC0-5787-4AB9-A3D8-0259F58BE436} = {BE939BC0-5787-4AB9-A3D8-0259F58BE436}
		{43032FD4-D3BB-41B9-BC18-5AC8A76BCA96} = {43032FD4-D3BB-41B9-BC18-5AC8A76BCA96}
		{46F614F4-FA79-4A0F-A17E-B888A4878465} = {46F614F4-FA79-4A0F-A17E-B888A4878465}
	EndProjectSection
EndProject
Project("{8BC9CEB8-8B4A-11D0-8D11-00A0C91BC942}") = "04Dirs", "PLSamples\04Dirs\04DirsInternal.vcproj", "{A87EC42B-A421-4C37-A91A-C9B26D9A921B}"
	ProjectSection(ProjectDependencies) = postProject
		{909CCD7C-873C-4F9E-AB2D-0881E14E6134} = {909CCD7C-873C-4F9E-AB2D-0881E14E6134}
		{E793F581-0152-4143-9809-6EEEF19360A6} = {E793F581-0152-4143-9809-6EEEF19360A6}
	EndProjectSection
EndProject
Project("{8BC9CEB8-8B4A-11D0-8D11-00A0C91BC942}") = "PLEngine", "PLEngine\PLEngine\PLEngine.vcproj", "{CC92EBB3-44C5-429C-992C-CF71C8C69D29}"
	ProjectSection(ProjectDependencies) = postProject
		{40522B50-4DAC-47EF-BEB9-F519EE6FEC3E} = {40522B50-4DAC-47EF-BEB9-F519EE6FEC3E}
		{909CCD7C-873C-4F9E-AB2D-0881E14E6134} = {909CCD7C-873C-4F9E-AB2D-0881E14E6134}
		{E793F581-0152-4143-9809-6EEEF19360A6} = {E793F581-0152-4143-9809-6EEEF19360A6}
		{BE939BC0-5787-4AB9-A3D8-0259F58BE436} = {BE939BC0-5787-4AB9-A3D8-0259F58BE436}
		{43032FD4-D3BB-41B9-BC18-5AC8A76BCA96} = {43032FD4-D3BB-41B9-BC18-5AC8A76BCA96}
		{46F614F4-FA79-4A0F-A17E-B888A4878465} = {46F614F4-FA79-4A0F-A17E-B888A4878465}
	EndProjectSection
EndProject
Project("{8BC9CEB8-8B4A-11D0-8D11-00A0C91BC942}") = "PLDemoRendererTriangle", "PLDemos\PLDemoRendererTriangle\PLDemoRendererTriangleInternal.vcproj", "{DAD5B28F-9A68-4CC9-B05B-4A691C7AA77A}"
	ProjectSection(ProjectDependencies) = postProject
		{CC92EBB3-44C5-429C-992C-CF71C8C69D29} = {CC92EBB3-44C5-429C-992C-CF71C8C69D29}
	EndProjectSection
EndProject
Project("{8BC9CEB8-8B4A-11D0-8D11-00A0C91BC942}") = "PLDemo2DGame", "PLDemos\PLDemo2DGame\PLDemo2DGameInternal.vcproj", "{ACA53951-17F2-46C5-9F96-CE8466E3F978}"
	ProjectSection(ProjectDependencies) = postProject
		{40522B50-4DAC-47EF-BEB9-F519EE6FEC3E} = {40522B50-4DAC-47EF-BEB9-F519EE6FEC3E}
		{909CCD7C-873C-4F9E-AB2D-0881E14E6134} = {909CCD7C-873C-4F9E-AB2D-0881E14E6134}
		{E793F581-0152-4143-9809-6EEEF19360A6} = {E793F581-0152-4143-9809-6EEEF19360A6}
		{CC92EBB3-44C5-429C-992C-CF71C8C69D29} = {CC92EBB3-44C5-429C-992C-CF71C8C69D29}
		{BE939BC0-5787-4AB9-A3D8-0259F58BE436} = {BE939BC0-5787-4AB9-A3D8-0259F58BE436}
		{43032FD4-D3BB-41B9-BC18-5AC8A76BCA96} = {43032FD4-D3BB-41B9-BC18-5AC8A76BCA96}
		{46F614F4-FA79-4A0F-A17E-B888A4878465} = {46F614F4-FA79-4A0F-A17E-B888A4878465}
	EndProjectSection
EndProject
Global
	GlobalSection(SolutionConfigurationPlatforms) = preSolution
		Debug|Win32 = Debug|Win32
		Release|Win32 = Release|Win32
	EndGlobalSection
	GlobalSection(ProjectConfigurationPlatforms) = postSolution
		{909CCD7C-873C-4F9E-AB2D-0881E14E6134}.Debug|Win32.ActiveCfg = Debug|Win32
		{909CCD7C-873C-4F9E-AB2D-0881E14E6134}.Debug|Win32.Build.0 = Debug|Win32
		{909CCD7C-873C-4F9E-AB2D-0881E14E6134}.Release|Win32.ActiveCfg = Release|Win32
		{909CCD7C-873C-4F9E-AB2D-0881E14E6134}.Release|Win32.Build.0 = Release|Win32
		{E793F581-0152-4143-9809-6EEEF19360A6}.Debug|Win32.ActiveCfg = Debug|Win32
		{E793F581-0152-4143-9809-6EEEF19360A6}.Debug|Win32.Build.0 = Debug|Win32
		{E793F581-0152-4143-9809-6EEEF19360A6}.Release|Win32.ActiveCfg = Release|Win32
		{E793F581-0152-4143-9809-6EEEF19360A6}.Release|Win32.Build.0 = Release|Win32
		{0A3B9AA9-9FBE-474E-8AB4-D85471845B57}.Debug|Win32.ActiveCfg = Debug|Win32
		{0A3B9AA9-9FBE-474E-8AB4-D85471845B57}.Debug|Win32.Build.0 = Debug|Win32
		{0A3B9AA9-9FBE-474E-8AB4-D85471845B57}.Release|Win32.ActiveCfg = Release|Win32
		{0A3B9AA9-9FBE-474E-8AB4-D85471845B57}.Release|Win32.Build.0 = Release|Win32
		{4583DF88-5647-4B7C-B9B8-B35CE47C34AF}.Debug|Win32.ActiveCfg = Debug|Win32
		{4583DF88-5647-4B7C-B9B8-B35CE47C34AF}.Debug|Win32.Build.0 = Debug|Win32
		{4583DF88-5647-4B7C-B9B8-B35CE47C34AF}.Release|Win32.ActiveCfg = Release|Win32
		{4583DF88-5647-4B7C-B9B8-B35CE47C34AF}.Release|Win32.Build.0 = Release|Win32
		{BE939BC0-5787-4AB9-A3D8-0259F58BE436}.Debug|Win32.ActiveCfg = Debug|Win32
		{BE939BC0-5787-4AB9-A3D8-0259F58BE436}.Debug|Win32.Build.0 = Debug|Win32
		{BE939BC0-5787-4AB9-A3D8-0259F58BE436}.Release|Win32.ActiveCfg = Release|Win32
		{BE939BC0-5787-4AB9-A3D8-0259F58BE436}.Release|Win32.Build.0 = Release|Win32
		{1A4271BA-6FFA-21BE-C044-D16D8E84530A}.Debug|Win32.ActiveCfg = Debug|Win32
		{1A4271BA-6FFA-21BE-C044-D16D8E84530A}.Debug|Win32.Build.0 = Debug|Win32
		{1A4271BA-6FFA-21BE-C044-D16D8E84530A}.Release|Win32.ActiveCfg = Release|Win32
		{1A4271BA-6FFA-21BE-C044-D16D8E84530A}.Release|Win32.Build.0 = Release|Win32
		{43032FD4-D3BB-41B9-BC18-5AC8A76BCA96}.Debug|Win32.ActiveCfg = Debug|Win32
		{43032FD4-D3BB-41B9-BC18-5AC8A76BCA96}.Debug|Win32.Build.0 = Debug|Win32
		{43032FD4-D3BB-41B9-BC18-5AC8A76BCA96}.Release|Win32.ActiveCfg = Release|Win32
		{43032FD4-D3BB-41B9-BC18-5AC8A76BCA96}.Release|Win32.Build.0 = Release|Win32
		{46F614F4-FA79-4A0F-A17E-B888A4878465}.Debug|Win32.ActiveCfg = Debug|Win32
		{46F614F4-FA79-4A0F-A17E-B888A4878465}.Debug|Win32.Build.0 = Debug|Win32
		{46F614F4-FA79-4A0F-A17E-B888A4878465}.Release|Win32.ActiveCfg = Release|Win32
		{46F614F4-FA79-4A0F-A17E-B888A4878465}.Release|Win32.Build.0 = Release|Win32
		{D241ED2E-AEBE-40F1-8BAB-2FE7736023DB}.Debug|Win32.ActiveCfg = Debug|Win32
		{D241ED2E-AEBE-40F1-8BAB-2FE7736023DB}.Debug|Win32.Build.0 = Debug|Win32
		{D241ED2E-AEBE-40F1-8BAB-2FE7736023DB}.Release|Win32.ActiveCfg = Release|Win32
		{D241ED2E-AEBE-40F1-8BAB-2FE7736023DB}.Release|Win32.Build.0 = Release|Win32
		{40522B50-4DAC-47EF-BEB9-F519EE6FEC3E}.Debug|Win32.ActiveCfg = Debug|Win32
		{40522B50-4DAC-47EF-BEB9-F519EE6FEC3E}.Debug|Win32.Build.0 = Debug|Win32
		{40522B50-4DAC-47EF-BEB9-F519EE6FEC3E}.Release|Win32.ActiveCfg = Release|Win32
		{40522B50-4DAC-47EF-BEB9-F519EE6FEC3E}.Release|Win32.Build.0 = Release|Win32
		{6E9BD895-888A-4A32-A736-D122EF0100B4}.Debug|Win32.ActiveCfg = Debug|Win32
		{6E9BD895-888A-4A32-A736-D122EF0100B4}.Debug|Win32.Build.0 = Debug|Win32
		{6E9BD895-888A-4A32-A736-D122EF0100B4}.Release|Win32.ActiveCfg = Release|Win32
		{6E9BD895-888A-4A32-A736-D122EF0100B4}.Release|Win32.Build.0 = Release|Win32
		{A87EC42B-A421-4C37-A91A-C9B26D9A921B}.Debug|Win32.ActiveCfg = Debug|Win32
		{A87EC42B-A421-4C37-A91A-C9B26D9A921B}.Debug|Win32.Build.0 = Debug|Win32
		{A87EC42B-A421-4C37-A91A-C9B26D9A921B}.Release|Win32.ActiveCfg = Release|Win32
		{A87EC42B-A421-4C37-A91A-C9B26D9A921B}.Release|Win32.Build.0 = Release|Win32
		{CC92EBB3-44C5-429C-992C-CF71C8C69D29}.Debug|Win32.ActiveCfg = Debug|Win32
		{CC92EBB3-44C5-429C-992C-CF71C8C69D29}.Debug|Win32.Build.0 = Debug|Win32
		{CC92EBB3-44C5-429C-992C-CF71C8C69D29}.Release|Win32.ActiveCfg = Release|Win32
		{CC92EBB3-44C5-429C-992C-CF71C8C69D29}.Release|Win32.Build.0 = Release|Win32
		{DAD5B28F-9A68-4CC9-B05B-4A691C7AA77A}.Debug|Win32.ActiveCfg = Debug|Win32
		{DAD5B28F-9A68-4CC9-B05B-4A691C7AA77A}.Debug|Win32.Build.0 = Debug|Win32
		{DAD5B28F-9A68-4CC9-B05B-4A691C7AA77A}.Release|Win32.ActiveCfg = Release|Win32
		{DAD5B28F-9A68-4CC9-B05B-4A691C7AA77A}.Release|Win32.Build.0 = Release|Win32
		{ACA53951-17F2-46C5-9F96-CE8466E3F978}.Debug|Win32.ActiveCfg = Debug|Win32
		{ACA53951-17F2-46C5-9F96-CE8466E3F978}.Debug|Win32.Build.0 = Debug|Win32
		{ACA53951-17F2-46C5-9F96-CE8466E3F978}.Release|Win32.ActiveCfg = Release|Win32
		{ACA53951-17F2-46C5-9F96-CE8466E3F978}.Release|Win32.Build.0 = Release|Win32
	EndGlobalSection
	GlobalSection(SolutionProperties) = preSolution
		HideSolutionNode = FALSE
	EndGlobalSection
EndGlobal
