<?xml version="1.0" encoding="utf-8"?>
<Project ToolsVersion="4.0" xmlns="http://schemas.microsoft.com/developer/msbuild/2003">
  <ItemGroup>
    <Filter Include="Source Files">
      <UniqueIdentifier>{23e01b3c-6cf0-4e13-be6c-d6f6d180fd84}</UniqueIdentifier>
      <Extensions>cpp;c;cxx;def;odl;idl;hpj;bat;asm</Extensions>
    </Filter>
  </ItemGroup>
  <ItemGroup>
    <ClCompile Include="src\FragmentShaderCg.cpp">
      <Filter>Source Files</Filter>
    </ClCompile>
    <ClCompile Include="src\GeometryShaderCg.cpp">
      <Filter>Source Files</Filter>
    </ClCompile>
    <ClCompile Include="src\PLRendererOpenGLCg.cpp">
      <Filter>Source Files</Filter>
    </ClCompile>
    <ClCompile Include="src\ProgramAttributeCg.cpp">
      <Filter>Source Files</Filter>
    </ClCompile>
    <ClCompile Include="src\ProgramCg.cpp">
      <Filter>Source Files</Filter>
    </ClCompile>
    <ClCompile Include="src\ProgramUniformCg.cpp">
      <Filter>Source Files</Filter>
    </ClCompile>
    <ClCompile Include="src\ShaderLanguageCg.cpp">
      <Filter>Source Files</Filter>
    </ClCompile>
    <ClCompile Include="src\ShaderToolsCg.cpp">
      <Filter>Source Files</Filter>
    </ClCompile>
    <ClCompile Include="src\VertexShaderCg.cpp">
      <Filter>Source Files</Filter>
    </ClCompile>
    <ClCompile Include="src\ProgramUniformBlockCg.cpp">
      <Filter>Source Files</Filter>
    </ClCompile>
    <ClCompile Include="src\UniformBufferCg.cpp">
      <Filter>Source Files</Filter>
    </ClCompile>
  </ItemGroup>
  <ItemGroup>
    <ClInclude Include="include\PLRendererOpenGLCg\FragmentShaderCg.h">
      <Filter>Source Files</Filter>
    </ClInclude>
    <ClInclude Include="include\PLRendererOpenGLCg\GeometryShaderCg.h">
      <Filter>Source Files</Filter>
    </ClInclude>
    <ClInclude Include="include\PLRendererOpenGLCg\ProgramAttributeCg.h">
      <Filter>Source Files</Filter>
    </ClInclude>
    <ClInclude Include="include\PLRendererOpenGLCg\ProgramCg.h">
      <Filter>Source Files</Filter>
    </ClInclude>
    <ClInclude Include="include\PLRendererOpenGLCg\ProgramUniformCg.h">
      <Filter>Source Files</Filter>
    </ClInclude>
    <ClInclude Include="include\PLRendererOpenGLCg\ShaderLanguageCg.h">
      <Filter>Source Files</Filter>
    </ClInclude>
    <ClInclude Include="include\PLRendererOpenGLCg\ShaderToolsCg.h">
      <Filter>Source Files</Filter>
    </ClInclude>
    <ClInclude Include="include\PLRendererOpenGLCg\VertexShaderCg.h">
      <Filter>Source Files</Filter>
    </ClInclude>
    <ClInclude Include="include\PLRendererOpenGLCg\ProgramUniformBlockCg.h">
      <Filter>Source Files</Filter>
    </ClInclude>
    <ClInclude Include="include\PLRendererOpenGLCg\UniformBufferCg.h">
      <Filter>Source Files</Filter>
    </ClInclude>
  </ItemGroup>
  <ItemGroup>
    <None Include="CMakeLists.txt" />
    <None Include="..\..\PLEngine\PLRenderer\Diary.txt" />
  </ItemGroup>
</Project>