Microsoft Visual Studio Solution File, Format Version 11.00
# Visual Studio 2010
Project("{8BC9CEB8-8B4A-11D0-8D11-00A0C91BC942}") = "PLRendererOpenGL", "PLRendererOpenGL.vcxproj", "{6095B420-B473-42E4-A3FD-C95A9652B680}"
EndProject
Project("{8BC9CEB8-8B4A-11D0-8D11-00A0C91BC942}") = "PLRendererOpenGLCg", "..\PLRendererOpenGLCg\PLRendererOpenGLCg.vcxproj", "{46113319-9691-4D72-9CCA-931296449AB1}"
EndProject
Global
	GlobalSection(SolutionConfigurationPlatforms) = preSolution
		Debug|Win32 = Debug|Win32
		Debug|x64 = Debug|x64
		Release|Win32 = Release|Win32
		Release|x64 = Release|x64
	EndGlobalSection
	GlobalSection(ProjectConfigurationPlatforms) = postSolution
		{6095B420-B473-42E4-A3FD-C95A9652B680}.Debug|Win32.ActiveCfg = Debug|Win32
		{6095B420-B473-42E4-A3FD-C95A9652B680}.Debug|Win32.Build.0 = Debug|Win32
		{6095B420-B473-42E4-A3FD-C95A9652B680}.Debug|x64.ActiveCfg = Debug|x64
		{6095B420-B473-42E4-A3FD-C95A9652B680}.Debug|x64.Build.0 = Debug|x64
		{6095B420-B473-42E4-A3FD-C95A9652B680}.Release|Win32.ActiveCfg = Release|Win32
		{6095B420-B473-42E4-A3FD-C95A9652B680}.Release|Win32.Build.0 = Release|Win32
		{6095B420-B473-42E4-A3FD-C95A9652B680}.Release|x64.ActiveCfg = Release|x64
		{6095B420-B473-42E4-A3FD-C95A9652B680}.Release|x64.Build.0 = Release|x64
		{46113319-9691-4D72-9CCA-931296449AB1}.Debug|Win32.ActiveCfg = Debug|Win32
		{46113319-9691-4D72-9CCA-931296449AB1}.Debug|Win32.Build.0 = Debug|Win32
		{46113319-9691-4D72-9CCA-931296449AB1}.Debug|x64.ActiveCfg = Debug|x64
		{46113319-9691-4D72-9CCA-931296449AB1}.Debug|x64.Build.0 = Debug|x64
		{46113319-9691-4D72-9CCA-931296449AB1}.Release|Win32.ActiveCfg = Release|Win32
		{46113319-9691-4D72-9CCA-931296449AB1}.Release|Win32.Build.0 = Release|Win32
		{46113319-9691-4D72-9CCA-931296449AB1}.Release|x64.ActiveCfg = Release|x64
		{46113319-9691-4D72-9CCA-931296449AB1}.Release|x64.Build.0 = Release|x64
	EndGlobalSection
	GlobalSection(SolutionProperties) = preSolution
		HideSolutionNode = FALSE
	EndGlobalSection
EndGlobal
