<?xml version="1.0" encoding="utf-8"?>
<Project ToolsVersion="4.0" xmlns="http://schemas.microsoft.com/developer/msbuild/2003">
  <ItemGroup>
    <Filter Include="Source Files">
      <UniqueIdentifier>{604c9384-ba82-487b-a7d1-4c201418a3ca}</UniqueIdentifier>
      <Extensions>cpp;c;cxx;def;odl;idl;hpj;bat;asm</Extensions>
    </Filter>
  </ItemGroup>
  <ItemGroup>
    <ClCompile Include="src\Buffer.cpp">
      <Filter>Source Files</Filter>
    </ClCompile>
    <ClCompile Include="src\PLSoundFMOD.cpp">
      <Filter>Source Files</Filter>
    </ClCompile>
    <ClCompile Include="src\SoundManager.cpp">
      <Filter>Source Files</Filter>
    </ClCompile>
    <ClCompile Include="src\Source.cpp">
      <Filter>Source Files</Filter>
    </ClCompile>
  </ItemGroup>
  <ItemGroup>
    <ClInclude Include="include\PLSoundFMOD\Buffer.h">
      <Filter>Source Files</Filter>
    </ClInclude>
    <ClInclude Include="include\PLSoundFMOD\PLSoundFMOD.h">
      <Filter>Source Files</Filter>
    </ClInclude>
    <ClInclude Include="include\PLSoundFMOD\SoundManager.h">
      <Filter>Source Files</Filter>
    </ClInclude>
    <ClInclude Include="include\PLSoundFMOD\Source.h">
      <Filter>Source Files</Filter>
    </ClInclude>
  </ItemGroup>
  <ItemGroup>
    <None Include="CMakeLists.txt" />
    <None Include="..\..\PLBase\PLSound\Diary.txt" />
  </ItemGroup>
</Project>