<?xml version="1.0" encoding="utf-8"?>
<Project ToolsVersion="4.0" xmlns="http://schemas.microsoft.com/developer/msbuild/2003">
  <ItemGroup>
    <Filter Include="Source Files">
      <UniqueIdentifier>{1d0c72c4-4c5f-44bc-8f7f-69669c76f22f}</UniqueIdentifier>
      <Extensions>cpp;c;cxx;def;odl;idl;hpj;bat;asm</Extensions>
    </Filter>
    <Filter Include="Sky">
      <UniqueIdentifier>{ea83af29-6167-47eb-9a00-b24c63cf75ac}</UniqueIdentifier>
    </Filter>
    <Filter Include="Terrain">
      <UniqueIdentifier>{b370027f-67d3-46bd-8f42-f531a2cbe659}</UniqueIdentifier>
    </Filter>
  </ItemGroup>
  <ItemGroup>
    <ClCompile Include="src\PLNature.cpp">
      <Filter>Source Files</Filter>
    </ClCompile>
    <ClCompile Include="src\Sky\SkyLoaderPL.cpp">
      <Filter>Sky</Filter>
    </ClCompile>
    <ClCompile Include="src\Sky\SNSky.cpp">
      <Filter>Sky</Filter>
    </ClCompile>
    <ClCompile Include="src\Sky\SkyLoader.cpp">
      <Filter>Sky</Filter>
    </ClCompile>
    <ClCompile Include="src\Terrain\GMMSurfacePatch.cpp">
      <Filter>Terrain</Filter>
    </ClCompile>
    <ClCompile Include="src\Terrain\SNTerrain.cpp">
      <Filter>Terrain</Filter>
    </ClCompile>
    <ClCompile Include="src\Terrain\TerrainLoader.cpp">
      <Filter>Terrain</Filter>
    </ClCompile>
    <ClCompile Include="src\Terrain\TerrainLoaderPL.cpp">
      <Filter>Terrain</Filter>
    </ClCompile>
    <ClCompile Include="src\Terrain\GMMSurface.cpp">
      <Filter>Terrain</Filter>
    </ClCompile>
    <ClCompile Include="src\Terrain\GMMSurfaceLevel.cpp">
      <Filter>Terrain</Filter>
    </ClCompile>
    <ClCompile Include="src\Terrain\SNMPhysicsBodyTerrain.cpp">
      <Filter>Terrain</Filter>
    </ClCompile>
  </ItemGroup>
  <ItemGroup>
    <ClInclude Include="include\PLNature\PLNature.h">
      <Filter>Source Files</Filter>
    </ClInclude>
    <ClInclude Include="include\PLNature\Sky\SkyLoader.h">
      <Filter>Sky</Filter>
    </ClInclude>
    <ClInclude Include="include\PLNature\Sky\SkyLoaderPL.h">
      <Filter>Sky</Filter>
    </ClInclude>
    <ClInclude Include="include\PLNature\Sky\SNSky.h">
      <Filter>Sky</Filter>
    </ClInclude>
    <ClInclude Include="include\PLNature\Terrain\GMMSurfacePatch.h">
      <Filter>Terrain</Filter>
    </ClInclude>
    <ClInclude Include="include\PLNature\Terrain\SNTerrain.h">
      <Filter>Terrain</Filter>
    </ClInclude>
    <ClInclude Include="include\PLNature\Terrain\TerrainLoader.h">
      <Filter>Terrain</Filter>
    </ClInclude>
    <ClInclude Include="include\PLNature\Terrain\TerrainLoaderPL.h">
      <Filter>Terrain</Filter>
    </ClInclude>
    <ClInclude Include="include\PLNature\Terrain\GMMSurface.h">
      <Filter>Terrain</Filter>
    </ClInclude>
    <ClInclude Include="include\PLNature\Terrain\GMMSurfaceLevel.h">
      <Filter>Terrain</Filter>
    </ClInclude>
    <ClInclude Include="include\PLNature\Terrain\SNMPhysicsBodyTerrain.h">
      <Filter>Terrain</Filter>
    </ClInclude>
  </ItemGroup>
  <ItemGroup>
    <None Include="CMakeLists.txt" />
    <None Include="..\..\Base\PLCore\Diary.txt" />
  </ItemGroup>
</Project>