<?xml version="1.0" encoding="utf-8"?>
<Project ToolsVersion="4.0" xmlns="http://schemas.microsoft.com/developer/msbuild/2003">
  <ItemGroup>
    <Filter Include="Source Files">
      <UniqueIdentifier>{b38f2790-22af-443c-9833-201fd3a9980f}</UniqueIdentifier>
      <Extensions>cpp;c;cxx;rc;def;r;odl;hpj;bat;for;f90</Extensions>
    </Filter>
    <Filter Include="Resource Files">
      <UniqueIdentifier>{42a73a49-ae6c-4797-bed6-863bbda510a7}</UniqueIdentifier>
    </Filter>
  </ItemGroup>
  <ItemGroup>
    <ClCompile Include="..\PL3dsMaxSceneExport_2008\src\PL3dsMaxSceneExport.cpp">
      <Filter>Source Files</Filter>
    </ClCompile>
    <ClCompile Include="..\PL3dsMaxSceneExport_2008\src\PLLog.cpp">
      <Filter>Source Files</Filter>
    </ClCompile>
    <ClCompile Include="..\PL3dsMaxSceneExport_2008\src\PLScene.cpp">
      <Filter>Source Files</Filter>
    </ClCompile>
    <ClCompile Include="..\PL3dsMaxSceneExport_2008\src\PLSceneAntiPortal.cpp">
      <Filter>Source Files</Filter>
    </ClCompile>
    <ClCompile Include="..\PL3dsMaxSceneExport_2008\src\PLSceneCamera.cpp">
      <Filter>Source Files</Filter>
    </ClCompile>
    <ClCompile Include="..\PL3dsMaxSceneExport_2008\src\PLSceneCell.cpp">
      <Filter>Source Files</Filter>
    </ClCompile>
    <ClCompile Include="..\PL3dsMaxSceneExport_2008\src\PLSceneCellPortal.cpp">
      <Filter>Source Files</Filter>
    </ClCompile>
    <ClCompile Include="..\PL3dsMaxSceneExport_2008\src\PLSceneContainer.cpp">
      <Filter>Source Files</Filter>
    </ClCompile>
    <ClCompile Include="..\PL3dsMaxSceneExport_2008\src\PLSceneEnumProc.cpp">
      <Filter>Source Files</Filter>
    </ClCompile>
    <ClCompile Include="..\PL3dsMaxSceneExport_2008\src\PLSceneExportDialogs.cpp">
      <Filter>Source Files</Filter>
    </ClCompile>
    <ClCompile Include="..\PL3dsMaxSceneExport_2008\src\PLSceneExportOptions.cpp">
      <Filter>Source Files</Filter>
    </ClCompile>
    <ClCompile Include="..\PL3dsMaxSceneExport_2008\src\PLSceneHelper.cpp">
      <Filter>Source Files</Filter>
    </ClCompile>
    <ClCompile Include="..\PL3dsMaxSceneExport_2008\src\PLSceneLight.cpp">
      <Filter>Source Files</Filter>
    </ClCompile>
    <ClCompile Include="..\PL3dsMaxSceneExport_2008\src\PLSceneMaterial.cpp">
      <Filter>Source Files</Filter>
    </ClCompile>
    <ClCompile Include="..\PL3dsMaxSceneExport_2008\src\PLSceneMaterialBakeShell.cpp">
      <Filter>Source Files</Filter>
    </ClCompile>
    <ClCompile Include="..\PL3dsMaxSceneExport_2008\src\PLSceneMaterialColor.cpp">
      <Filter>Source Files</Filter>
    </ClCompile>
    <ClCompile Include="..\PL3dsMaxSceneExport_2008\src\PLSceneMaterialFX.cpp">
      <Filter>Source Files</Filter>
    </ClCompile>
    <ClCompile Include="..\PL3dsMaxSceneExport_2008\src\PLSceneMaterialSRShaderLighting.cpp">
      <Filter>Source Files</Filter>
    </ClCompile>
    <ClCompile Include="..\PL3dsMaxSceneExport_2008\src\PLSceneMaterialStandard.cpp">
      <Filter>Source Files</Filter>
    </ClCompile>
    <ClCompile Include="..\PL3dsMaxSceneExport_2008\src\PLSceneMesh.cpp">
      <Filter>Source Files</Filter>
    </ClCompile>
    <ClCompile Include="..\PL3dsMaxSceneExport_2008\src\PLSceneNode.cpp">
      <Filter>Source Files</Filter>
    </ClCompile>
    <ClCompile Include="..\PL3dsMaxSceneExport_2008\src\PLSceneObject.cpp">
      <Filter>Source Files</Filter>
    </ClCompile>
    <ClCompile Include="..\PL3dsMaxSceneExport_2008\src\PLScenePLMesh.cpp">
      <Filter>Source Files</Filter>
    </ClCompile>
    <ClCompile Include="..\PL3dsMaxSceneExport_2008\src\PLScenePortal.cpp">
      <Filter>Source Files</Filter>
    </ClCompile>
    <ClCompile Include="..\PL3dsMaxSceneExport_2008\src\PLSceneSpline.cpp">
      <Filter>Source Files</Filter>
    </ClCompile>
    <ClCompile Include="..\PL3dsMaxSceneExport_2008\src\PLSceneTexture.cpp">
      <Filter>Source Files</Filter>
    </ClCompile>
    <ClCompile Include="..\PL3dsMaxSceneExport_2008\src\PLSceneUnknown.cpp">
      <Filter>Source Files</Filter>
    </ClCompile>
    <ClCompile Include="..\PL3dsMaxSceneExport_2008\src\PLTextFile.cpp">
      <Filter>Source Files</Filter>
    </ClCompile>
    <ClCompile Include="..\PL3dsMaxSceneExport_2008\src\PLToolbar.cpp">
      <Filter>Source Files</Filter>
    </ClCompile>
    <ClCompile Include="..\PL3dsMaxSceneExport_2008\src\PLTools.cpp">
      <Filter>Source Files</Filter>
    </ClCompile>
  </ItemGroup>
  <ItemGroup>
    <ClInclude Include="..\PL3dsMaxSceneExport_2008\include\PL3dsMaxSceneExport\PL3dsMaxSceneExport.h">
      <Filter>Source Files</Filter>
    </ClInclude>
    <ClInclude Include="..\PL3dsMaxSceneExport_2008\include\PL3dsMaxSceneExport\PLLog.h">
      <Filter>Source Files</Filter>
    </ClInclude>
    <ClInclude Include="..\PL3dsMaxSceneExport_2008\include\PL3dsMaxSceneExport\PLScene.h">
      <Filter>Source Files</Filter>
    </ClInclude>
    <ClInclude Include="..\PL3dsMaxSceneExport_2008\include\PL3dsMaxSceneExport\PLSceneAntiPortal.h">
      <Filter>Source Files</Filter>
    </ClInclude>
    <ClInclude Include="..\PL3dsMaxSceneExport_2008\include\PL3dsMaxSceneExport\PLSceneCamera.h">
      <Filter>Source Files</Filter>
    </ClInclude>
    <ClInclude Include="..\PL3dsMaxSceneExport_2008\include\PL3dsMaxSceneExport\PLSceneCell.h">
      <Filter>Source Files</Filter>
    </ClInclude>
    <ClInclude Include="..\PL3dsMaxSceneExport_2008\include\PL3dsMaxSceneExport\PLSceneCellPortal.h">
      <Filter>Source Files</Filter>
    </ClInclude>
    <ClInclude Include="..\PL3dsMaxSceneExport_2008\include\PL3dsMaxSceneExport\PLSceneContainer.h">
      <Filter>Source Files</Filter>
    </ClInclude>
    <ClInclude Include="..\PL3dsMaxSceneExport_2008\include\PL3dsMaxSceneExport\PLSceneEnumProc.h">
      <Filter>Source Files</Filter>
    </ClInclude>
    <ClInclude Include="..\PL3dsMaxSceneExport_2008\include\PL3dsMaxSceneExport\PLSceneExportDialogs.h">
      <Filter>Source Files</Filter>
    </ClInclude>
    <ClInclude Include="..\PL3dsMaxSceneExport_2008\include\PL3dsMaxSceneExport\PLSceneExportOptions.h">
      <Filter>Source Files</Filter>
    </ClInclude>
    <ClInclude Include="..\PL3dsMaxSceneExport_2008\include\PL3dsMaxSceneExport\PLSceneHelper.h">
      <Filter>Source Files</Filter>
    </ClInclude>
    <ClInclude Include="..\PL3dsMaxSceneExport_2008\include\PL3dsMaxSceneExport\PLSceneLight.h">
      <Filter>Source Files</Filter>
    </ClInclude>
    <ClInclude Include="..\PL3dsMaxSceneExport_2008\include\PL3dsMaxSceneExport\PLSceneMaterial.h">
      <Filter>Source Files</Filter>
    </ClInclude>
    <ClInclude Include="..\PL3dsMaxSceneExport_2008\include\PL3dsMaxSceneExport\PLSceneMaterialBakeShell.h">
      <Filter>Source Files</Filter>
    </ClInclude>
    <ClInclude Include="..\PL3dsMaxSceneExport_2008\include\PL3dsMaxSceneExport\PLSceneMaterialColor.h">
      <Filter>Source Files</Filter>
    </ClInclude>
    <ClInclude Include="..\PL3dsMaxSceneExport_2008\include\PL3dsMaxSceneExport\PLSceneMaterialFX.h">
      <Filter>Source Files</Filter>
    </ClInclude>
    <ClInclude Include="..\PL3dsMaxSceneExport_2008\include\PL3dsMaxSceneExport\PLSceneMaterialSRShaderLighting.h">
      <Filter>Source Files</Filter>
    </ClInclude>
    <ClInclude Include="..\PL3dsMaxSceneExport_2008\include\PL3dsMaxSceneExport\PLSceneMaterialStandard.h">
      <Filter>Source Files</Filter>
    </ClInclude>
    <ClInclude Include="..\PL3dsMaxSceneExport_2008\include\PL3dsMaxSceneExport\PLSceneMesh.h">
      <Filter>Source Files</Filter>
    </ClInclude>
    <ClInclude Include="..\PL3dsMaxSceneExport_2008\include\PL3dsMaxSceneExport\PLSceneNode.h">
      <Filter>Source Files</Filter>
    </ClInclude>
    <ClInclude Include="..\PL3dsMaxSceneExport_2008\include\PL3dsMaxSceneExport\PLSceneObject.h">
      <Filter>Source Files</Filter>
    </ClInclude>
    <ClInclude Include="..\PL3dsMaxSceneExport_2008\include\PL3dsMaxSceneExport\PLScenePLMesh.h">
      <Filter>Source Files</Filter>
    </ClInclude>
    <ClInclude Include="..\PL3dsMaxSceneExport_2008\include\PL3dsMaxSceneExport\PLScenePortal.h">
      <Filter>Source Files</Filter>
    </ClInclude>
    <ClInclude Include="..\PL3dsMaxSceneExport_2008\include\PL3dsMaxSceneExport\PLSceneSpline.h">
      <Filter>Source Files</Filter>
    </ClInclude>
    <ClInclude Include="..\PL3dsMaxSceneExport_2008\include\PL3dsMaxSceneExport\PLSceneTexture.h">
      <Filter>Source Files</Filter>
    </ClInclude>
    <ClInclude Include="..\PL3dsMaxSceneExport_2008\include\PL3dsMaxSceneExport\PLSceneUnknown.h">
      <Filter>Source Files</Filter>
    </ClInclude>
    <ClInclude Include="..\PL3dsMaxSceneExport_2008\include\PL3dsMaxSceneExport\PLTextFile.h">
      <Filter>Source Files</Filter>
    </ClInclude>
    <ClInclude Include="..\PL3dsMaxSceneExport_2008\include\PL3dsMaxSceneExport\PLToolbar.h">
      <Filter>Source Files</Filter>
    </ClInclude>
    <ClInclude Include="..\PL3dsMaxSceneExport_2008\include\PL3dsMaxSceneExport\PLTools.h">
      <Filter>Source Files</Filter>
    </ClInclude>
    <ClInclude Include="..\PL3dsMaxSceneExport_2008\resource.h">
      <Filter>Source Files</Filter>
    </ClInclude>
  </ItemGroup>
  <ItemGroup>
    <ResourceCompile Include="..\PL3dsMaxSceneExport_2008\PL3dsMaxSceneExport.rc">
      <Filter>Resource Files</Filter>
    </ResourceCompile>
  </ItemGroup>
  <ItemGroup>
    <None Include="CMakeLists.txt" />
    <None Include="..\PL3dsMaxSceneExport_2008\Diary.txt" />
    <None Include="..\PL3dsMaxSceneExport_2008\resource\pl_logo.bmp" />
  </ItemGroup>
</Project>