<?xml version="1.0" encoding="utf-8"?>
<Project ToolsVersion="4.0" xmlns="http://schemas.microsoft.com/developer/msbuild/2003">
  <ItemGroup>
    <Filter Include="Source Files">
      <UniqueIdentifier>{25128587-0d41-4bb6-9597-d0f29c3f4a85}</UniqueIdentifier>
      <Extensions>cpp;c;cxx;def;odl;idl;hpj;bat;asm</Extensions>
    </Filter>
  </ItemGroup>
  <ItemGroup>
    <ClCompile Include="src\PLPostProcessEffects.cpp">
      <Filter>Source Files</Filter>
    </ClCompile>
    <ClCompile Include="src\SNMPostProcessASCII.cpp">
      <Filter>Source Files</Filter>
    </ClCompile>
    <ClCompile Include="src\SNMPostProcessBlackAndWhite.cpp">
      <Filter>Source Files</Filter>
    </ClCompile>
    <ClCompile Include="src\SNMPostProcessBleach.cpp">
      <Filter>Source Files</Filter>
    </ClCompile>
    <ClCompile Include="src\SNMPostProcessBloom.cpp">
      <Filter>Source Files</Filter>
    </ClCompile>
    <ClCompile Include="src\SNMPostProcessBloomToneMap.cpp">
      <Filter>Source Files</Filter>
    </ClCompile>
    <ClCompile Include="src\SNMPostProcessBlur.cpp">
      <Filter>Source Files</Filter>
    </ClCompile>
    <ClCompile Include="src\SNMPostProcessBrighten.cpp">
      <Filter>Source Files</Filter>
    </ClCompile>
    <ClCompile Include="src\SNMPostProcessBrightPass.cpp">
      <Filter>Source Files</Filter>
    </ClCompile>
    <ClCompile Include="src\SNMPostProcessChalk.cpp">
      <Filter>Source Files</Filter>
    </ClCompile>
    <ClCompile Include="src\SNMPostProcessClipper.cpp">
      <Filter>Source Files</Filter>
    </ClCompile>
    <ClCompile Include="src\SNMPostProcessColorFilter.cpp">
      <Filter>Source Files</Filter>
    </ClCompile>
    <ClCompile Include="src\SNMPostProcessCombineMultiplicate.cpp">
      <Filter>Source Files</Filter>
    </ClCompile>
    <ClCompile Include="src\SNMPostProcessCrazyBars.cpp">
      <Filter>Source Files</Filter>
    </ClCompile>
    <ClCompile Include="src\SNMPostProcessCrazyColors.cpp">
      <Filter>Source Files</Filter>
    </ClCompile>
    <ClCompile Include="src\SNMPostProcessDiagonalBlur.cpp">
      <Filter>Source Files</Filter>
    </ClCompile>
    <ClCompile Include="src\SNMPostProcessEdgeDetect.cpp">
      <Filter>Source Files</Filter>
    </ClCompile>
    <ClCompile Include="src\SNMPostProcessEmbossed.cpp">
      <Filter>Source Files</Filter>
    </ClCompile>
    <ClCompile Include="src\SNMPostProcessInverse.cpp">
      <Filter>Source Files</Filter>
    </ClCompile>
    <ClCompile Include="src\SNMPostProcessLaplaceSharpen.cpp">
      <Filter>Source Files</Filter>
    </ClCompile>
    <ClCompile Include="src\SNMPostProcessLayer.cpp">
      <Filter>Source Files</Filter>
    </ClCompile>
    <ClCompile Include="src\SNMPostProcessMonochrome.cpp">
      <Filter>Source Files</Filter>
    </ClCompile>
    <ClCompile Include="src\SNMPostProcessOldFilm.cpp">
      <Filter>Source Files</Filter>
    </ClCompile>
    <ClCompile Include="src\SNMPostProcessPixel.cpp">
      <Filter>Source Files</Filter>
    </ClCompile>
    <ClCompile Include="src\SNMPostProcessPosterize.cpp">
      <Filter>Source Files</Filter>
    </ClCompile>
    <ClCompile Include="src\SNMPostProcessPull.cpp">
      <Filter>Source Files</Filter>
    </ClCompile>
    <ClCompile Include="src\SNMPostProcessRadialBlur.cpp">
      <Filter>Source Files</Filter>
    </ClCompile>
    <ClCompile Include="src\SNMPostProcessSepia.cpp">
      <Filter>Source Files</Filter>
    </ClCompile>
    <ClCompile Include="src\SNMPostProcessSepia2.cpp">
      <Filter>Source Files</Filter>
    </ClCompile>
    <ClCompile Include="src\SNMPostProcessSharpen.cpp">
      <Filter>Source Files</Filter>
    </ClCompile>
    <ClCompile Include="src\SNMPostProcessSquisher.cpp">
      <Filter>Source Files</Filter>
    </ClCompile>
    <ClCompile Include="src\SNMPostProcessThermal.cpp">
      <Filter>Source Files</Filter>
    </ClCompile>
    <ClCompile Include="src\SNMPostProcessTiles.cpp">
      <Filter>Source Files</Filter>
    </ClCompile>
    <ClCompile Include="src\SNMPostProcessToneMap.cpp">
      <Filter>Source Files</Filter>
    </ClCompile>
    <ClCompile Include="src\SNMPostProcessWaves.cpp">
      <Filter>Source Files</Filter>
    </ClCompile>
  </ItemGroup>
  <ItemGroup>
    <ClInclude Include="include\PLPostProcessEffects\SNMPostProcessASCII.h">
      <Filter>Source Files</Filter>
    </ClInclude>
    <ClInclude Include="include\PLPostProcessEffects\SNMPostProcessBlackAndWhite.h">
      <Filter>Source Files</Filter>
    </ClInclude>
    <ClInclude Include="include\PLPostProcessEffects\SNMPostProcessBleach.h">
      <Filter>Source Files</Filter>
    </ClInclude>
    <ClInclude Include="include\PLPostProcessEffects\SNMPostProcessBloom.h">
      <Filter>Source Files</Filter>
    </ClInclude>
    <ClInclude Include="include\PLPostProcessEffects\SNMPostProcessBloomToneMap.h">
      <Filter>Source Files</Filter>
    </ClInclude>
    <ClInclude Include="include\PLPostProcessEffects\SNMPostProcessBlur.h">
      <Filter>Source Files</Filter>
    </ClInclude>
    <ClInclude Include="include\PLPostProcessEffects\SNMPostProcessBrighten.h">
      <Filter>Source Files</Filter>
    </ClInclude>
    <ClInclude Include="include\PLPostProcessEffects\SNMPostProcessBrightPass.h">
      <Filter>Source Files</Filter>
    </ClInclude>
    <ClInclude Include="include\PLPostProcessEffects\SNMPostProcessChalk.h">
      <Filter>Source Files</Filter>
    </ClInclude>
    <ClInclude Include="include\PLPostProcessEffects\SNMPostProcessClipper.h">
      <Filter>Source Files</Filter>
    </ClInclude>
    <ClInclude Include="include\PLPostProcessEffects\SNMPostProcessColorFilter.h">
      <Filter>Source Files</Filter>
    </ClInclude>
    <ClInclude Include="include\PLPostProcessEffects\SNMPostProcessCombineMultiplicate.h">
      <Filter>Source Files</Filter>
    </ClInclude>
    <ClInclude Include="include\PLPostProcessEffects\SNMPostProcessCrazyBars.h">
      <Filter>Source Files</Filter>
    </ClInclude>
    <ClInclude Include="include\PLPostProcessEffects\SNMPostProcessCrazyColors.h">
      <Filter>Source Files</Filter>
    </ClInclude>
    <ClInclude Include="include\PLPostProcessEffects\SNMPostProcessDiagonalBlur.h">
      <Filter>Source Files</Filter>
    </ClInclude>
    <ClInclude Include="include\PLPostProcessEffects\SNMPostProcessEdgeDetect.h">
      <Filter>Source Files</Filter>
    </ClInclude>
    <ClInclude Include="include\PLPostProcessEffects\SNMPostProcessEmbossed.h">
      <Filter>Source Files</Filter>
    </ClInclude>
    <ClInclude Include="include\PLPostProcessEffects\SNMPostProcessInverse.h">
      <Filter>Source Files</Filter>
    </ClInclude>
    <ClInclude Include="include\PLPostProcessEffects\SNMPostProcessLaplaceSharpen.h">
      <Filter>Source Files</Filter>
    </ClInclude>
    <ClInclude Include="include\PLPostProcessEffects\SNMPostProcessLayer.h">
      <Filter>Source Files</Filter>
    </ClInclude>
    <ClInclude Include="include\PLPostProcessEffects\SNMPostProcessMonochrome.h">
      <Filter>Source Files</Filter>
    </ClInclude>
    <ClInclude Include="include\PLPostProcessEffects\SNMPostProcessOldFilm.h">
      <Filter>Source Files</Filter>
    </ClInclude>
    <ClInclude Include="include\PLPostProcessEffects\SNMPostProcessPixel.h">
      <Filter>Source Files</Filter>
    </ClInclude>
    <ClInclude Include="include\PLPostProcessEffects\SNMPostProcessPosterize.h">
      <Filter>Source Files</Filter>
    </ClInclude>
    <ClInclude Include="include\PLPostProcessEffects\SNMPostProcessPull.h">
      <Filter>Source Files</Filter>
    </ClInclude>
    <ClInclude Include="include\PLPostProcessEffects\SNMPostProcessRadialBlur.h">
      <Filter>Source Files</Filter>
    </ClInclude>
    <ClInclude Include="include\PLPostProcessEffects\SNMPostProcessSepia.h">
      <Filter>Source Files</Filter>
    </ClInclude>
    <ClInclude Include="include\PLPostProcessEffects\SNMPostProcessSepia2.h">
      <Filter>Source Files</Filter>
    </ClInclude>
    <ClInclude Include="include\PLPostProcessEffects\SNMPostProcessSharpen.h">
      <Filter>Source Files</Filter>
    </ClInclude>
    <ClInclude Include="include\PLPostProcessEffects\SNMPostProcessSquisher.h">
      <Filter>Source Files</Filter>
    </ClInclude>
    <ClInclude Include="include\PLPostProcessEffects\SNMPostProcessThermal.h">
      <Filter>Source Files</Filter>
    </ClInclude>
    <ClInclude Include="include\PLPostProcessEffects\SNMPostProcessTiles.h">
      <Filter>Source Files</Filter>
    </ClInclude>
    <ClInclude Include="include\PLPostProcessEffects\SNMPostProcessToneMap.h">
      <Filter>Source Files</Filter>
    </ClInclude>
    <ClInclude Include="include\PLPostProcessEffects\SNMPostProcessWaves.h">
      <Filter>Source Files</Filter>
    </ClInclude>
  </ItemGroup>
  <ItemGroup>
    <None Include="CMakeLists.txt" />
    <None Include="Diary.txt" />
  </ItemGroup>
</Project>