Microsoft Visual Studio Solution File, Format Version 11.00
# Visual Studio 2010
Project("{8BC9CEB8-8B4A-11D0-8D11-00A0C91BC942}") = "PL3dsMaxSceneExport_2008", "PL3dsMaxSceneExport_2008.vcxproj", "{CF962C4C-0CC5-4C4D-92B2-57AFA9E83CEA}"
EndProject
Global
	GlobalSection(SolutionConfigurationPlatforms) = preSolution
		Debug|Win32 = Debug|Win32
		Debug|x64 = Debug|x64
		Hybrid|Win32 = Hybrid|Win32
		Hybrid|x64 = Hybrid|x64
		Release|Win32 = Release|Win32
		Release|x64 = Release|x64
	EndGlobalSection
	GlobalSection(ProjectConfigurationPlatforms) = postSolution
		{CF962C4C-0CC5-4C4D-92B2-57AFA9E83CEA}.Debug|Win32.ActiveCfg = Debug|Win32
		{CF962C4C-0CC5-4C4D-92B2-57AFA9E83CEA}.Debug|Win32.Build.0 = Debug|Win32
		{CF962C4C-0CC5-4C4D-92B2-57AFA9E83CEA}.Debug|x64.ActiveCfg = Debug|x64
		{CF962C4C-0CC5-4C4D-92B2-57AFA9E83CEA}.Debug|x64.Build.0 = Debug|x64
		{CF962C4C-0CC5-4C4D-92B2-57AFA9E83CEA}.Hybrid|Win32.ActiveCfg = Hybrid|Win32
		{CF962C4C-0CC5-4C4D-92B2-57AFA9E83CEA}.Hybrid|Win32.Build.0 = Hybrid|Win32
		{CF962C4C-0CC5-4C4D-92B2-57AFA9E83CEA}.Hybrid|x64.ActiveCfg = Hybrid|x64
		{CF962C4C-0CC5-4C4D-92B2-57AFA9E83CEA}.Hybrid|x64.Build.0 = Hybrid|x64
		{CF962C4C-0CC5-4C4D-92B2-57AFA9E83CEA}.Release|Win32.ActiveCfg = Release|Win32
		{CF962C4C-0CC5-4C4D-92B2-57AFA9E83CEA}.Release|Win32.Build.0 = Release|Win32
		{CF962C4C-0CC5-4C4D-92B2-57AFA9E83CEA}.Release|x64.ActiveCfg = Release|x64
		{CF962C4C-0CC5-4C4D-92B2-57AFA9E83CEA}.Release|x64.Build.0 = Release|x64
	EndGlobalSection
	GlobalSection(SolutionProperties) = preSolution
		HideSolutionNode = FALSE
	EndGlobalSection
EndGlobal
