<?xml version="1.0" encoding="utf-8"?>
<Project ToolsVersion="4.0" xmlns="http://schemas.microsoft.com/developer/msbuild/2003">
  <ItemGroup>
    <Filter Include="Source Files">
      <UniqueIdentifier>{51ff16fe-8928-4c30-8819-192df81e1586}</UniqueIdentifier>
      <Extensions>cpp;c;cxx;def;odl;idl;hpj;bat;asm</Extensions>
    </Filter>
  </ItemGroup>
  <ItemGroup>
    <ClCompile Include="src\Buffer.cpp">
      <Filter>Source Files</Filter>
    </ClCompile>
    <ClCompile Include="src\Ogg.cpp">
      <Filter>Source Files</Filter>
    </ClCompile>
    <ClCompile Include="src\PLSoundOpenAL.cpp">
      <Filter>Source Files</Filter>
    </ClCompile>
    <ClCompile Include="src\SoundManager.cpp">
      <Filter>Source Files</Filter>
    </ClCompile>
    <ClCompile Include="src\Source.cpp">
      <Filter>Source Files</Filter>
    </ClCompile>
    <ClCompile Include="src\Stream.cpp">
      <Filter>Source Files</Filter>
    </ClCompile>
    <ClCompile Include="src\StreamOgg.cpp">
      <Filter>Source Files</Filter>
    </ClCompile>
    <ClCompile Include="src\StreamWav.cpp">
      <Filter>Source Files</Filter>
    </ClCompile>
    <ClCompile Include="src\Wav.cpp">
      <Filter>Source Files</Filter>
    </ClCompile>
  </ItemGroup>
  <ItemGroup>
    <ClInclude Include="include\PLSoundOpenAL\Buffer.h">
      <Filter>Source Files</Filter>
    </ClInclude>
    <ClInclude Include="include\PLSoundOpenAL\Ogg.h">
      <Filter>Source Files</Filter>
    </ClInclude>
    <ClInclude Include="include\PLSoundOpenAL\PLSoundOpenAL.h">
      <Filter>Source Files</Filter>
    </ClInclude>
    <ClInclude Include="include\PLSoundOpenAL\SoundManager.h">
      <Filter>Source Files</Filter>
    </ClInclude>
    <ClInclude Include="include\PLSoundOpenAL\Source.h">
      <Filter>Source Files</Filter>
    </ClInclude>
    <ClInclude Include="include\PLSoundOpenAL\Stream.h">
      <Filter>Source Files</Filter>
    </ClInclude>
    <ClInclude Include="include\PLSoundOpenAL\StreamOgg.h">
      <Filter>Source Files</Filter>
    </ClInclude>
    <ClInclude Include="include\PLSoundOpenAL\StreamWav.h">
      <Filter>Source Files</Filter>
    </ClInclude>
    <ClInclude Include="include\PLSoundOpenAL\Wav.h">
      <Filter>Source Files</Filter>
    </ClInclude>
  </ItemGroup>
  <ItemGroup>
    <None Include="CMakeLists.txt" />
    <None Include="..\..\PLEngine\PLSound\Diary.txt" />
  </ItemGroup>
</Project>