<?xml version="1.0" encoding="utf-8"?>
<Project ToolsVersion="4.0" xmlns="http://schemas.microsoft.com/developer/msbuild/2003">
  <ItemGroup>
    <Filter Include="Application">
      <UniqueIdentifier>{ff7f0e12-7e76-482e-bd8d-4f38e385c376}</UniqueIdentifier>
    </Filter>
    <Filter Include="Source Files">
      <UniqueIdentifier>{94b1413c-71a3-48c8-a366-84c48f1cf222}</UniqueIdentifier>
    </Filter>
    <Filter Include="Picking">
      <UniqueIdentifier>{43ca270e-c824-4baf-8e78-22c5579a0cd4}</UniqueIdentifier>
    </Filter>
    <Filter Include="Config">
      <UniqueIdentifier>{d7727eb9-0d5c-48be-8c10-747009ceeebe}</UniqueIdentifier>
    </Filter>
    <Filter Include="Tools">
      <UniqueIdentifier>{05f4bc58-495c-476d-9efb-ca9fdea8f1a3}</UniqueIdentifier>
    </Filter>
    <Filter Include="Compositing">
      <UniqueIdentifier>{54926373-bb25-4058-a9db-366dc6cca5a2}</UniqueIdentifier>
    </Filter>
    <Filter Include="Compositing\Console">
      <UniqueIdentifier>{21990120-4475-4945-bc5b-b88788c82776}</UniqueIdentifier>
    </Filter>
    <Filter Include="Compositing\LoadScreen">
      <UniqueIdentifier>{36bb81fc-2010-4d5b-a199-6e817cb8aa47}</UniqueIdentifier>
    </Filter>
    <Filter Include="Controller">
      <UniqueIdentifier>{b3abfba4-9f6a-4349-b27c-764ed5268eb7}</UniqueIdentifier>
    </Filter>
  </ItemGroup>
  <ItemGroup>
    <ClCompile Include="src\Application\BasicSceneApplication.cpp">
      <Filter>Application</Filter>
    </ClCompile>
    <ClCompile Include="src\Application\SceneApplication.cpp">
      <Filter>Application</Filter>
    </ClCompile>
    <ClCompile Include="src\PLEngine.cpp">
      <Filter>Source Files</Filter>
    </ClCompile>
    <ClCompile Include="src\Picking\MousePicking.cpp">
      <Filter>Picking</Filter>
    </ClCompile>
    <ClCompile Include="src\Picking\Picking.cpp">
      <Filter>Picking</Filter>
    </ClCompile>
    <ClCompile Include="src\Picking\PickingResult.cpp">
      <Filter>Picking</Filter>
    </ClCompile>
    <ClCompile Include="src\Config\RendererConfigGroup.cpp">
      <Filter>Config</Filter>
    </ClCompile>
    <ClCompile Include="src\Tools\SceneRendererTool.cpp">
      <Filter>Tools</Filter>
    </ClCompile>
    <ClCompile Include="src\Tools\Screenshot.cpp">
      <Filter>Tools</Filter>
    </ClCompile>
    <ClCompile Include="src\Application\ScriptApplication.cpp">
      <Filter>Application</Filter>
    </ClCompile>
    <ClCompile Include="src\Tools\SNMRotationKeyframeRecord.cpp">
      <Filter>Tools</Filter>
    </ClCompile>
    <ClCompile Include="src\Tools\Camcorder.cpp">
      <Filter>Tools</Filter>
    </ClCompile>
    <ClCompile Include="src\Tools\SNMPositionKeyframeRecord.cpp">
      <Filter>Tools</Filter>
    </ClCompile>
    <ClCompile Include="src\Compositing\Console\SNConsole.cpp">
      <Filter>Compositing\Console</Filter>
    </ClCompile>
    <ClCompile Include="src\Compositing\Console\SNConsoleBase.cpp">
      <Filter>Compositing\Console</Filter>
    </ClCompile>
    <ClCompile Include="src\Compositing\Console\ConsoleCommand.cpp">
      <Filter>Compositing\Console</Filter>
    </ClCompile>
    <ClCompile Include="src\Compositing\Console\ConsoleDefaultCommands.cpp">
      <Filter>Compositing\Console</Filter>
    </ClCompile>
    <ClCompile Include="src\Compositing\LoadScreen\SNLoadScreenPL.cpp">
      <Filter>Compositing\LoadScreen</Filter>
    </ClCompile>
    <ClCompile Include="src\Compositing\LoadScreen\SNLoadScreen.cpp">
      <Filter>Compositing\LoadScreen</Filter>
    </ClCompile>
    <ClCompile Include="src\Compositing\LoadScreen\SNLoadScreenBase.cpp">
      <Filter>Compositing\LoadScreen</Filter>
    </ClCompile>
    <ClCompile Include="src\Compositing\SNEngineInformation.cpp">
      <Filter>Compositing</Filter>
    </ClCompile>
    <ClCompile Include="src\Controller\OrbitingController.cpp">
      <Filter>Controller</Filter>
    </ClCompile>
    <ClCompile Include="src\Controller\PhysicsCharacterController.cpp">
      <Filter>Controller</Filter>
    </ClCompile>
    <ClCompile Include="src\Controller\PhysicsMouseInteraction.cpp">
      <Filter>Controller</Filter>
    </ClCompile>
    <ClCompile Include="src\Controller\SNMCameraZoomController.cpp">
      <Filter>Controller</Filter>
    </ClCompile>
    <ClCompile Include="src\Controller\SNMLookController.cpp">
      <Filter>Controller</Filter>
    </ClCompile>
    <ClCompile Include="src\Controller\SNMMoveController.cpp">
      <Filter>Controller</Filter>
    </ClCompile>
    <ClCompile Include="src\Controller\SNMOrbitingController.cpp">
      <Filter>Controller</Filter>
    </ClCompile>
    <ClCompile Include="src\Controller\SNMPhysicsCharacter.cpp">
      <Filter>Controller</Filter>
    </ClCompile>
    <ClCompile Include="src\Controller\SNMPhysicsCharacterController.cpp">
      <Filter>Controller</Filter>
    </ClCompile>
    <ClCompile Include="src\Controller\SNPhysicsMouseInteraction.cpp">
      <Filter>Controller</Filter>
    </ClCompile>
    <ClCompile Include="src\Controller\CameraZoomController.cpp">
      <Filter>Controller</Filter>
    </ClCompile>
    <ClCompile Include="src\Controller\LookController.cpp">
      <Filter>Controller</Filter>
    </ClCompile>
    <ClCompile Include="src\Controller\MoveController.cpp">
      <Filter>Controller</Filter>
    </ClCompile>
  </ItemGroup>
  <ItemGroup>
    <ClInclude Include="include\PLEngine\Application\BasicSceneApplication.h">
      <Filter>Application</Filter>
    </ClInclude>
    <ClInclude Include="include\PLEngine\Application\SceneApplication.h">
      <Filter>Application</Filter>
    </ClInclude>
    <ClInclude Include="include\PLEngine\PLEngine.h">
      <Filter>Source Files</Filter>
    </ClInclude>
    <ClInclude Include="include\PLEngine\PLEngineLinux.h">
      <Filter>Source Files</Filter>
    </ClInclude>
    <ClInclude Include="include\PLEngine\PLEngineWindows.h">
      <Filter>Source Files</Filter>
    </ClInclude>
    <ClInclude Include="include\PLEngine\Picking\MousePicking.h">
      <Filter>Picking</Filter>
    </ClInclude>
    <ClInclude Include="include\PLEngine\Picking\Picking.h">
      <Filter>Picking</Filter>
    </ClInclude>
    <ClInclude Include="include\PLEngine\Picking\PickingResult.h">
      <Filter>Picking</Filter>
    </ClInclude>
    <ClInclude Include="include\PLEngine\Config\RendererConfigGroup.h">
      <Filter>Config</Filter>
    </ClInclude>
    <ClInclude Include="include\PLEngine\Tools\SceneRendererTool.h">
      <Filter>Tools</Filter>
    </ClInclude>
    <ClInclude Include="include\PLEngine\Tools\Screenshot.h">
      <Filter>Tools</Filter>
    </ClInclude>
    <ClInclude Include="include\PLEngine\Application\ScriptApplication.h">
      <Filter>Application</Filter>
    </ClInclude>
    <ClInclude Include="include\PLEngine\Tools\Camcorder.h">
      <Filter>Tools</Filter>
    </ClInclude>
    <ClInclude Include="include\PLEngine\Tools\SNMPositionKeyframeRecord.h">
      <Filter>Tools</Filter>
    </ClInclude>
    <ClInclude Include="include\PLEngine\Tools\SNMRotationKeyframeRecord.h">
      <Filter>Tools</Filter>
    </ClInclude>
    <ClInclude Include="include\PLEngine\Compositing\Console\SNConsole.h">
      <Filter>Compositing\Console</Filter>
    </ClInclude>
    <ClInclude Include="include\PLEngine\Compositing\Console\SNConsoleBase.h">
      <Filter>Compositing\Console</Filter>
    </ClInclude>
    <ClInclude Include="include\PLEngine\Compositing\Console\ConsoleCommand.h">
      <Filter>Compositing\Console</Filter>
    </ClInclude>
    <ClInclude Include="include\PLEngine\Compositing\Console\ConsoleDefaultCommands.h">
      <Filter>Compositing\Console</Filter>
    </ClInclude>
    <ClInclude Include="include\PLEngine\Compositing\LoadScreen\SNLoadScreenPL.h">
      <Filter>Compositing\LoadScreen</Filter>
    </ClInclude>
    <ClInclude Include="include\PLEngine\Compositing\LoadScreen\SNLoadScreen.h">
      <Filter>Compositing\LoadScreen</Filter>
    </ClInclude>
    <ClInclude Include="include\PLEngine\Compositing\LoadScreen\SNLoadScreenBase.h">
      <Filter>Compositing\LoadScreen</Filter>
    </ClInclude>
    <ClInclude Include="include\PLEngine\Compositing\SNEngineInformation.h">
      <Filter>Compositing</Filter>
    </ClInclude>
    <ClInclude Include="include\PLEngine\Controller\OrbitingController.h">
      <Filter>Controller</Filter>
    </ClInclude>
    <ClInclude Include="include\PLEngine\Controller\PhysicsCharacterController.h">
      <Filter>Controller</Filter>
    </ClInclude>
    <ClInclude Include="include\PLEngine\Controller\PhysicsMouseInteraction.h">
      <Filter>Controller</Filter>
    </ClInclude>
    <ClInclude Include="include\PLEngine\Controller\SNMCameraZoomController.h">
      <Filter>Controller</Filter>
    </ClInclude>
    <ClInclude Include="include\PLEngine\Controller\SNMLookController.h">
      <Filter>Controller</Filter>
    </ClInclude>
    <ClInclude Include="include\PLEngine\Controller\SNMMoveController.h">
      <Filter>Controller</Filter>
    </ClInclude>
    <ClInclude Include="include\PLEngine\Controller\SNMOrbitingController.h">
      <Filter>Controller</Filter>
    </ClInclude>
    <ClInclude Include="include\PLEngine\Controller\SNMPhysicsCharacter.h">
      <Filter>Controller</Filter>
    </ClInclude>
    <ClInclude Include="include\PLEngine\Controller\SNMPhysicsCharacterController.h">
      <Filter>Controller</Filter>
    </ClInclude>
    <ClInclude Include="include\PLEngine\Controller\SNPhysicsMouseInteraction.h">
      <Filter>Controller</Filter>
    </ClInclude>
    <ClInclude Include="include\PLEngine\Controller\CameraZoomController.h">
      <Filter>Controller</Filter>
    </ClInclude>
    <ClInclude Include="include\PLEngine\Controller\LookController.h">
      <Filter>Controller</Filter>
    </ClInclude>
    <ClInclude Include="include\PLEngine\Controller\MoveController.h">
      <Filter>Controller</Filter>
    </ClInclude>
  </ItemGroup>
  <ItemGroup>
    <None Include="CMakeLists.txt" />
    <None Include="Diary.txt" />
  </ItemGroup>
</Project>