<?xml version="1.0" encoding="utf-8"?>
<Project ToolsVersion="4.0" xmlns="http://schemas.microsoft.com/developer/msbuild/2003">
  <ItemGroup>
    <Filter Include="Source Files">
      <UniqueIdentifier>{7bb1f827-6cc9-481d-8051-ecd4dd08887e}</UniqueIdentifier>
      <Extensions>cpp;c;cxx;def;odl;idl;hpj;bat;asm</Extensions>
    </Filter>
  </ItemGroup>
  <ItemGroup>
    <ClCompile Include="src\BodyBox.cpp">
      <Filter>Source Files</Filter>
    </ClCompile>
    <ClCompile Include="src\BodyImpl.cpp">
      <Filter>Source Files</Filter>
    </ClCompile>
    <ClCompile Include="src\BodyMesh.cpp">
      <Filter>Source Files</Filter>
    </ClCompile>
    <ClCompile Include="src\BodySphere.cpp">
      <Filter>Source Files</Filter>
    </ClCompile>
    <ClCompile Include="src\JointBall.cpp">
      <Filter>Source Files</Filter>
    </ClCompile>
    <ClCompile Include="src\JointHinge.cpp">
      <Filter>Source Files</Filter>
    </ClCompile>
    <ClCompile Include="src\JointImpl.cpp">
      <Filter>Source Files</Filter>
    </ClCompile>
    <ClCompile Include="src\JointSlider.cpp">
      <Filter>Source Files</Filter>
    </ClCompile>
    <ClCompile Include="src\JointUniversal.cpp">
      <Filter>Source Files</Filter>
    </ClCompile>
    <ClCompile Include="src\PLPhysicsODE.cpp">
      <Filter>Source Files</Filter>
    </ClCompile>
    <ClCompile Include="src\World.cpp">
      <Filter>Source Files</Filter>
    </ClCompile>
  </ItemGroup>
  <ItemGroup>
    <ClInclude Include="include\PLPhysicsODE\BodyBox.h">
      <Filter>Source Files</Filter>
    </ClInclude>
    <ClInclude Include="include\PLPhysicsODE\BodyImpl.h">
      <Filter>Source Files</Filter>
    </ClInclude>
    <ClInclude Include="include\PLPhysicsODE\BodyMesh.h">
      <Filter>Source Files</Filter>
    </ClInclude>
    <ClInclude Include="include\PLPhysicsODE\BodySphere.h">
      <Filter>Source Files</Filter>
    </ClInclude>
    <ClInclude Include="include\PLPhysicsODE\JointBall.h">
      <Filter>Source Files</Filter>
    </ClInclude>
    <ClInclude Include="include\PLPhysicsODE\JointHinge.h">
      <Filter>Source Files</Filter>
    </ClInclude>
    <ClInclude Include="include\PLPhysicsODE\JointImpl.h">
      <Filter>Source Files</Filter>
    </ClInclude>
    <ClInclude Include="include\PLPhysicsODE\JointSlider.h">
      <Filter>Source Files</Filter>
    </ClInclude>
    <ClInclude Include="include\PLPhysicsODE\JointUniversal.h">
      <Filter>Source Files</Filter>
    </ClInclude>
    <ClInclude Include="include\PLPhysicsODE\PLPhysicsODE.h">
      <Filter>Source Files</Filter>
    </ClInclude>
    <ClInclude Include="include\PLPhysicsODE\PLPhysicsODELinux.h">
      <Filter>Source Files</Filter>
    </ClInclude>
    <ClInclude Include="include\PLPhysicsODE\PLPhysicsODEWindows.h">
      <Filter>Source Files</Filter>
    </ClInclude>
    <ClInclude Include="include\PLPhysicsODE\World.h">
      <Filter>Source Files</Filter>
    </ClInclude>
  </ItemGroup>
  <ItemGroup>
    <None Include="CMakeLists.txt" />
    <None Include="..\..\PLBase\PLPhysics\Diary.txt" />
  </ItemGroup>
</Project>