<?xml version="1.0" encoding="utf-8"?>
<Project ToolsVersion="4.0" xmlns="http://schemas.microsoft.com/developer/msbuild/2003">
  <ItemGroup>
    <Filter Include="Source Files">
      <UniqueIdentifier>{7c61b742-7927-40be-9b04-21bf69688a94}</UniqueIdentifier>
      <Extensions>cpp;c;cxx;def;odl;idl;hpj;bat;asm</Extensions>
    </Filter>
    <Filter Include="Misc">
      <UniqueIdentifier>{903e8db3-cfc5-4abf-ae8d-4815f510d6e0}</UniqueIdentifier>
    </Filter>
  </ItemGroup>
  <ItemGroup>
    <ClCompile Include="src\Context.cpp">
      <Filter>Source Files</Filter>
    </ClCompile>
    <ClCompile Include="src\ContextLinux.cpp">
      <Filter>Source Files</Filter>
    </ClCompile>
    <ClCompile Include="src\ContextWindows.cpp">
      <Filter>Source Files</Filter>
    </ClCompile>
    <ClCompile Include="src\FixedFunctions.cpp">
      <Filter>Source Files</Filter>
    </ClCompile>
    <ClCompile Include="src\FontGlyphTexture.cpp">
      <Filter>Source Files</Filter>
    </ClCompile>
    <ClCompile Include="src\FontManager.cpp">
      <Filter>Source Files</Filter>
    </ClCompile>
    <ClCompile Include="src\FontTexture.cpp">
      <Filter>Source Files</Filter>
    </ClCompile>
    <ClCompile Include="src\FontTextureFixedFunctions.cpp">
      <Filter>Source Files</Filter>
    </ClCompile>
    <ClCompile Include="src\FontTextureShaders.cpp">
      <Filter>Source Files</Filter>
    </ClCompile>
    <ClCompile Include="src\FragmentShaderGLSL.cpp">
      <Filter>Source Files</Filter>
    </ClCompile>
    <ClCompile Include="src\GeometryShaderGLSL.cpp">
      <Filter>Source Files</Filter>
    </ClCompile>
    <ClCompile Include="src\IndexBuffer.cpp">
      <Filter>Source Files</Filter>
    </ClCompile>
    <ClCompile Include="src\OcclusionQuery.cpp">
      <Filter>Source Files</Filter>
    </ClCompile>
    <ClCompile Include="src\PLRendererOpenGL.cpp">
      <Filter>Source Files</Filter>
    </ClCompile>
    <ClCompile Include="src\Program.cpp">
      <Filter>Source Files</Filter>
    </ClCompile>
    <ClCompile Include="src\ProgramAttributeGLSL.cpp">
      <Filter>Source Files</Filter>
    </ClCompile>
    <ClCompile Include="src\ProgramGLSL.cpp">
      <Filter>Source Files</Filter>
    </ClCompile>
    <ClCompile Include="src\ProgramUniform.cpp">
      <Filter>Source Files</Filter>
    </ClCompile>
    <ClCompile Include="src\ProgramUniformGLSL.cpp">
      <Filter>Source Files</Filter>
    </ClCompile>
    <ClCompile Include="src\Renderer.cpp">
      <Filter>Source Files</Filter>
    </ClCompile>
    <ClCompile Include="src\ShaderLanguage.cpp">
      <Filter>Source Files</Filter>
    </ClCompile>
    <ClCompile Include="src\ShaderLanguageGLSL.cpp">
      <Filter>Source Files</Filter>
    </ClCompile>
    <ClCompile Include="src\ShaderToolsGLSL.cpp">
      <Filter>Source Files</Filter>
    </ClCompile>
    <ClCompile Include="src\SurfaceTextureBuffer.cpp">
      <Filter>Source Files</Filter>
    </ClCompile>
    <ClCompile Include="src\SurfaceWindow.cpp">
      <Filter>Source Files</Filter>
    </ClCompile>
    <ClCompile Include="src\SurfaceWindowLinux.cpp">
      <Filter>Source Files</Filter>
    </ClCompile>
    <ClCompile Include="src\SurfaceWindowWindows.cpp">
      <Filter>Source Files</Filter>
    </ClCompile>
    <ClCompile Include="src\TextureBuffer1D.cpp">
      <Filter>Source Files</Filter>
    </ClCompile>
    <ClCompile Include="src\TextureBuffer2D.cpp">
      <Filter>Source Files</Filter>
    </ClCompile>
    <ClCompile Include="src\TextureBuffer3D.cpp">
      <Filter>Source Files</Filter>
    </ClCompile>
    <ClCompile Include="src\TextureBufferCube.cpp">
      <Filter>Source Files</Filter>
    </ClCompile>
    <ClCompile Include="src\TextureBufferRectangle.cpp">
      <Filter>Source Files</Filter>
    </ClCompile>
    <ClCompile Include="src\VertexBuffer.cpp">
      <Filter>Source Files</Filter>
    </ClCompile>
    <ClCompile Include="src\VertexShaderGLSL.cpp">
      <Filter>Source Files</Filter>
    </ClCompile>
    <ClCompile Include="src\Misc\ExtensionConfig.cpp">
      <Filter>Misc</Filter>
    </ClCompile>
    <ClCompile Include="src\Misc\Extensions.cpp">
      <Filter>Misc</Filter>
    </ClCompile>
    <ClCompile Include="src\Misc\ExtensionsLinux.cpp">
      <Filter>Misc</Filter>
    </ClCompile>
    <ClCompile Include="src\Misc\ExtensionsWindows.cpp">
      <Filter>Misc</Filter>
    </ClCompile>
    <ClCompile Include="src\Misc\FrameBufferObject.cpp">
      <Filter>Misc</Filter>
    </ClCompile>
    <ClCompile Include="src\Misc\pbuffer.cpp">
      <Filter>Misc</Filter>
    </ClCompile>
  </ItemGroup>
  <ItemGroup>
    <ClInclude Include="include\PLRendererOpenGL\Context.h">
      <Filter>Source Files</Filter>
    </ClInclude>
    <ClInclude Include="include\PLRendererOpenGL\ContextLinux.h">
      <Filter>Source Files</Filter>
    </ClInclude>
    <ClInclude Include="include\PLRendererOpenGL\ContextWindows.h">
      <Filter>Source Files</Filter>
    </ClInclude>
    <ClInclude Include="include\PLRendererOpenGL\FixedFunctions.h">
      <Filter>Source Files</Filter>
    </ClInclude>
    <ClInclude Include="include\PLRendererOpenGL\FontGlyphTexture.h">
      <Filter>Source Files</Filter>
    </ClInclude>
    <ClInclude Include="include\PLRendererOpenGL\FontManager.h">
      <Filter>Source Files</Filter>
    </ClInclude>
    <ClInclude Include="src\FontManager_Cg.h">
      <Filter>Source Files</Filter>
    </ClInclude>
    <ClInclude Include="src\FontManager_GLSL.h">
      <Filter>Source Files</Filter>
    </ClInclude>
    <ClInclude Include="include\PLRendererOpenGL\FontTexture.h">
      <Filter>Source Files</Filter>
    </ClInclude>
    <ClInclude Include="include\PLRendererOpenGL\FontTextureFixedFunctions.h">
      <Filter>Source Files</Filter>
    </ClInclude>
    <ClInclude Include="include\PLRendererOpenGL\FontTextureShaders.h">
      <Filter>Source Files</Filter>
    </ClInclude>
    <ClInclude Include="include\PLRendererOpenGL\FragmentShaderGLSL.h">
      <Filter>Source Files</Filter>
    </ClInclude>
    <ClInclude Include="include\PLRendererOpenGL\GeometryShaderGLSL.h">
      <Filter>Source Files</Filter>
    </ClInclude>
    <ClInclude Include="include\PLRendererOpenGL\IndexBuffer.h">
      <Filter>Source Files</Filter>
    </ClInclude>
    <ClInclude Include="include\PLRendererOpenGL\OcclusionQuery.h">
      <Filter>Source Files</Filter>
    </ClInclude>
    <ClInclude Include="include\PLRendererOpenGL\PLRendererOpenGL.h">
      <Filter>Source Files</Filter>
    </ClInclude>
    <ClInclude Include="include\PLRendererOpenGL\PLRendererOpenGLLinux.h">
      <Filter>Source Files</Filter>
    </ClInclude>
    <ClInclude Include="include\PLRendererOpenGL\PLRendererOpenGLWindows.h">
      <Filter>Source Files</Filter>
    </ClInclude>
    <ClInclude Include="include\PLRendererOpenGL\Program.h">
      <Filter>Source Files</Filter>
    </ClInclude>
    <ClInclude Include="include\PLRendererOpenGL\ProgramAttributeGLSL.h">
      <Filter>Source Files</Filter>
    </ClInclude>
    <ClInclude Include="include\PLRendererOpenGL\ProgramGLSL.h">
      <Filter>Source Files</Filter>
    </ClInclude>
    <ClInclude Include="include\PLRendererOpenGL\ProgramUniform.h">
      <Filter>Source Files</Filter>
    </ClInclude>
    <ClInclude Include="include\PLRendererOpenGL\ProgramUniformGLSL.h">
      <Filter>Source Files</Filter>
    </ClInclude>
    <ClInclude Include="include\PLRendererOpenGL\Renderer.h">
      <Filter>Source Files</Filter>
    </ClInclude>
    <ClInclude Include="include\PLRendererOpenGL\ShaderLanguage.h">
      <Filter>Source Files</Filter>
    </ClInclude>
    <ClInclude Include="include\PLRendererOpenGL\ShaderLanguageGLSL.h">
      <Filter>Source Files</Filter>
    </ClInclude>
    <ClInclude Include="include\PLRendererOpenGL\ShaderToolsGLSL.h">
      <Filter>Source Files</Filter>
    </ClInclude>
    <ClInclude Include="include\PLRendererOpenGL\SurfaceTextureBuffer.h">
      <Filter>Source Files</Filter>
    </ClInclude>
    <ClInclude Include="include\PLRendererOpenGL\SurfaceWindow.h">
      <Filter>Source Files</Filter>
    </ClInclude>
    <ClInclude Include="include\PLRendererOpenGL\TextureBuffer1D.h">
      <Filter>Source Files</Filter>
    </ClInclude>
    <ClInclude Include="include\PLRendererOpenGL\TextureBuffer2D.h">
      <Filter>Source Files</Filter>
    </ClInclude>
    <ClInclude Include="include\PLRendererOpenGL\TextureBuffer3D.h">
      <Filter>Source Files</Filter>
    </ClInclude>
    <ClInclude Include="include\PLRendererOpenGL\TextureBufferCube.h">
      <Filter>Source Files</Filter>
    </ClInclude>
    <ClInclude Include="include\PLRendererOpenGL\TextureBufferRectangle.h">
      <Filter>Source Files</Filter>
    </ClInclude>
    <ClInclude Include="include\PLRendererOpenGL\VertexBuffer.h">
      <Filter>Source Files</Filter>
    </ClInclude>
    <ClInclude Include="include\PLRendererOpenGL\VertexShaderGLSL.h">
      <Filter>Source Files</Filter>
    </ClInclude>
    <ClInclude Include="include\PLRendererOpenGL\Misc\ExtensionConfig.h">
      <Filter>Misc</Filter>
    </ClInclude>
    <ClInclude Include="include\PLRendererOpenGL\Misc\ExtensionDefinitions.h">
      <Filter>Misc</Filter>
    </ClInclude>
    <ClInclude Include="include\PLRendererOpenGL\Misc\Extensions.h">
      <Filter>Misc</Filter>
    </ClInclude>
    <ClInclude Include="include\PLRendererOpenGL\Misc\FrameBufferObject.h">
      <Filter>Misc</Filter>
    </ClInclude>
    <ClInclude Include="include\PLRendererOpenGL\Misc\pbuffer.h">
      <Filter>Misc</Filter>
    </ClInclude>
  </ItemGroup>
  <ItemGroup>
    <None Include="CMakeLists.txt" />
    <None Include="..\PLRenderer\Diary.txt" />
    <None Include="Readme.txt" />
  </ItemGroup>
</Project>