<?xml version="1.0" encoding="utf-8"?>
<Project ToolsVersion="4.0" xmlns="http://schemas.microsoft.com/developer/msbuild/2003">
  <ItemGroup>
    <Filter Include="Source Files">
      <UniqueIdentifier>{4FC737F1-C7A5-4376-A066-2A32D752A2FF}</UniqueIdentifier>
      <Extensions>cpp;c;cc;cxx;def;odl;idl;hpj;bat;asm;asmx</Extensions>
    </Filter>
  </ItemGroup>
  <ItemGroup>
    <ClCompile Include="src\Application.cpp">
      <Filter>Source Files</Filter>
    </ClCompile>
    <ClCompile Include="src\Plugin.cpp">
      <Filter>Source Files</Filter>
    </ClCompile>
    <ClCompile Include="src\PluginImpl.cpp">
      <Filter>Source Files</Filter>
    </ClCompile>
    <ClCompile Include="src\PluginOpenGL.cpp">
      <Filter>Source Files</Filter>
    </ClCompile>
    <ClCompile Include="src\PluginPixelLight.cpp">
      <Filter>Source Files</Filter>
    </ClCompile>
    <ClCompile Include="src\SPSampleTeapot.cpp">
      <Filter>Source Files</Filter>
    </ClCompile>
  </ItemGroup>
  <ItemGroup>
    <ClInclude Include="include\PLPlugin\Application.h">
      <Filter>Source Files</Filter>
    </ClInclude>
    <ClInclude Include="include\PLPlugin\PLPlugin.h">
      <Filter>Source Files</Filter>
    </ClInclude>
    <ClInclude Include="include\PLPlugin\PLPluginLinux.h">
      <Filter>Source Files</Filter>
    </ClInclude>
    <ClInclude Include="include\PLPlugin\PLPluginLinuxIncludes.h">
      <Filter>Source Files</Filter>
    </ClInclude>
    <ClInclude Include="include\PLPlugin\PLPluginWin32.h">
      <Filter>Source Files</Filter>
    </ClInclude>
    <ClInclude Include="include\PLPlugin\PLPluginWin32Includes.h">
      <Filter>Source Files</Filter>
    </ClInclude>
    <ClInclude Include="include\PLPlugin\Plugin.h">
      <Filter>Source Files</Filter>
    </ClInclude>
    <ClInclude Include="include\PLPlugin\PluginImpl.h">
      <Filter>Source Files</Filter>
    </ClInclude>
    <ClInclude Include="include\PLPlugin\PluginOpenGL.h">
      <Filter>Source Files</Filter>
    </ClInclude>
    <ClInclude Include="include\PLPlugin\PluginPixelLight.h">
      <Filter>Source Files</Filter>
    </ClInclude>
    <ClInclude Include="include\PLPlugin\SPSampleTeapot.h">
      <Filter>Source Files</Filter>
    </ClInclude>
  </ItemGroup>
  <ItemGroup>
    <None Include="CMakeLists.txt" />
    <None Include="Diary.txt" />
  </ItemGroup>
</Project>