<?xml version="1.0" encoding="utf-8"?>
<Project ToolsVersion="4.0" xmlns="http://schemas.microsoft.com/developer/msbuild/2003">
  <ItemGroup>
    <Filter Include="Source Files">
      <UniqueIdentifier>{fda34583-324a-47d9-a1de-487f3c66cc8c}</UniqueIdentifier>
      <Extensions>cpp;c;cxx;def;odl;idl;hpj;bat;asm</Extensions>
    </Filter>
  </ItemGroup>
  <ItemGroup>
    <ClCompile Include="src\FixedFunctions.cpp">
      <Filter>Source Files</Filter>
    </ClCompile>
    <ClCompile Include="src\FontManager.cpp">
      <Filter>Source Files</Filter>
    </ClCompile>
    <ClCompile Include="src\IndexBuffer.cpp">
      <Filter>Source Files</Filter>
    </ClCompile>
    <ClCompile Include="src\OcclusionQuery.cpp">
      <Filter>Source Files</Filter>
    </ClCompile>
    <ClCompile Include="src\PLRendererNull.cpp">
      <Filter>Source Files</Filter>
    </ClCompile>
    <ClCompile Include="src\Renderer.cpp">
      <Filter>Source Files</Filter>
    </ClCompile>
    <ClCompile Include="src\SurfaceTextureBuffer.cpp">
      <Filter>Source Files</Filter>
    </ClCompile>
    <ClCompile Include="src\SurfaceWindow.cpp">
      <Filter>Source Files</Filter>
    </ClCompile>
    <ClCompile Include="src\TextureBuffer1D.cpp">
      <Filter>Source Files</Filter>
    </ClCompile>
    <ClCompile Include="src\TextureBuffer2D.cpp">
      <Filter>Source Files</Filter>
    </ClCompile>
    <ClCompile Include="src\TextureBuffer3D.cpp">
      <Filter>Source Files</Filter>
    </ClCompile>
    <ClCompile Include="src\TextureBufferCube.cpp">
      <Filter>Source Files</Filter>
    </ClCompile>
    <ClCompile Include="src\TextureBufferRectangle.cpp">
      <Filter>Source Files</Filter>
    </ClCompile>
    <ClCompile Include="src\VertexBuffer.cpp">
      <Filter>Source Files</Filter>
    </ClCompile>
  </ItemGroup>
  <ItemGroup>
    <ClInclude Include="include\PLRendererNull\FixedFunctions.h">
      <Filter>Source Files</Filter>
    </ClInclude>
    <ClInclude Include="include\PLRendererNull\FontManager.h">
      <Filter>Source Files</Filter>
    </ClInclude>
    <ClInclude Include="include\PLRendererNull\IndexBuffer.h">
      <Filter>Source Files</Filter>
    </ClInclude>
    <ClInclude Include="include\PLRendererNull\OcclusionQuery.h">
      <Filter>Source Files</Filter>
    </ClInclude>
    <ClInclude Include="include\PLRendererNull\PLRendererNull.h">
      <Filter>Source Files</Filter>
    </ClInclude>
    <ClInclude Include="include\PLRendererNull\PLRendererNullLinux.h">
      <Filter>Source Files</Filter>
    </ClInclude>
    <ClInclude Include="include\PLRendererNull\PLRendererNullWindows.h">
      <Filter>Source Files</Filter>
    </ClInclude>
    <ClInclude Include="include\PLRendererNull\Renderer.h">
      <Filter>Source Files</Filter>
    </ClInclude>
    <ClInclude Include="include\PLRendererNull\SurfaceTextureBuffer.h">
      <Filter>Source Files</Filter>
    </ClInclude>
    <ClInclude Include="include\PLRendererNull\SurfaceWindow.h">
      <Filter>Source Files</Filter>
    </ClInclude>
    <ClInclude Include="include\PLRendererNull\TextureBuffer1D.h">
      <Filter>Source Files</Filter>
    </ClInclude>
    <ClInclude Include="include\PLRendererNull\TextureBuffer2D.h">
      <Filter>Source Files</Filter>
    </ClInclude>
    <ClInclude Include="include\PLRendererNull\TextureBuffer3D.h">
      <Filter>Source Files</Filter>
    </ClInclude>
    <ClInclude Include="include\PLRendererNull\TextureBufferCube.h">
      <Filter>Source Files</Filter>
    </ClInclude>
    <ClInclude Include="include\PLRendererNull\TextureBufferRectangle.h">
      <Filter>Source Files</Filter>
    </ClInclude>
    <ClInclude Include="include\PLRendererNull\VertexBuffer.h">
      <Filter>Source Files</Filter>
    </ClInclude>
  </ItemGroup>
  <ItemGroup>
    <None Include="CMakeLists.txt" />
    <None Include="..\..\Base\PLRenderer\Diary.txt" />
  </ItemGroup>
</Project>