
Microsoft Visual Studio Solution File, Format Version 11.00
# Visual Studio 2010
Project("{8BC9CEB8-8B4A-11D0-8D11-00A0C91BC942}") = "21GuiWidgets", "21GuiWidgets.vcxproj", "{D10B2B86-5227-4088-BFF7-554B94A38F33}"
EndProject
Global
	GlobalSection(SolutionConfigurationPlatforms) = preSolution
		Debug|Win32 = Debug|Win32
		Release|Win32 = Release|Win32
	EndGlobalSection
	GlobalSection(ProjectConfigurationPlatforms) = postSolution
		{D10B2B86-5227-4088-BFF7-554B94A38F33}.Debug|Win32.ActiveCfg = Debug|Win32
		{D10B2B86-5227-4088-BFF7-554B94A38F33}.Debug|Win32.Build.0 = Debug|Win32
		{D10B2B86-5227-4088-BFF7-554B94A38F33}.Release|Win32.ActiveCfg = Release|Win32
		{D10B2B86-5227-4088-BFF7-554B94A38F33}.Release|Win32.Build.0 = Release|Win32
	EndGlobalSection
	GlobalSection(SolutionProperties) = preSolution
		HideSolutionNode = FALSE
	EndGlobalSection
EndGlobal
