<?xml version="1.0" encoding="utf-8"?>
<Project ToolsVersion="4.0" xmlns="http://schemas.microsoft.com/developer/msbuild/2003">
  <ItemGroup>
    <Filter Include="Source Files">
      <UniqueIdentifier>{25128587-0d41-4bb6-9597-d0f29c3f4a85}</UniqueIdentifier>
      <Extensions>cpp;c;cxx;def;odl;idl;hpj;bat;asm</Extensions>
    </Filter>
  </ItemGroup>
  <ItemGroup>
    <ClCompile Include="src\PLScriptBindings.cpp">
      <Filter>Source Files</Filter>
    </ClCompile>
    <ClCompile Include="src\ScriptBindingLog.cpp">
      <Filter>Source Files</Filter>
    </ClCompile>
    <ClCompile Include="src\ScriptBindingSystemConsole.cpp">
      <Filter>Source Files</Filter>
    </ClCompile>
    <ClCompile Include="src\ScriptBindingTiming.cpp">
      <Filter>Source Files</Filter>
    </ClCompile>
    <ClCompile Include="src\SNMScript.cpp">
      <Filter>Source Files</Filter>
    </ClCompile>
    <ClCompile Include="src\ScriptBinding_PL.cpp">
      <Filter>Source Files</Filter>
    </ClCompile>
  </ItemGroup>
  <ItemGroup>
    <None Include="CMakeLists.txt" />
    <None Include="..\..\PLBase\PLScript\Diary.txt" />
  </ItemGroup>
  <ItemGroup>
    <ClInclude Include="include\PLScriptBindings\ScriptBindingSystemConsole.h">
      <Filter>Source Files</Filter>
    </ClInclude>
    <ClInclude Include="include\PLScriptBindings\ScriptBindingTiming.h">
      <Filter>Source Files</Filter>
    </ClInclude>
    <ClInclude Include="include\PLScriptBindings\ScriptBindingLog.h">
      <Filter>Source Files</Filter>
    </ClInclude>
    <ClInclude Include="include\PLScriptBindings\SNMScript.h">
      <Filter>Source Files</Filter>
    </ClInclude>
    <ClInclude Include="include\PLScriptBindings\ScriptBinding_PL.h">
      <Filter>Source Files</Filter>
    </ClInclude>
  </ItemGroup>
</Project>