<?xml version="1.0" encoding="utf-8"?>
<Project ToolsVersion="4.0" xmlns="http://schemas.microsoft.com/developer/msbuild/2003">
  <ItemGroup>
    <Filter Include="Template Files">
      <UniqueIdentifier>{24c1d114-2eed-4f19-aa91-80ccfd0e1c6c}</UniqueIdentifier>
      <Extensions>txt</Extensions>
    </Filter>
    <Filter Include="HTML Files">
      <UniqueIdentifier>{db8ec532-6fd8-47fd-aa1b-0239e9d163fb}</UniqueIdentifier>
      <Extensions>htm</Extensions>
    </Filter>
    <Filter Include="Image Files">
      <UniqueIdentifier>{f2a911a4-8dd4-48f5-896f-00f4b2fce861}</UniqueIdentifier>
      <Extensions>bmp</Extensions>
    </Filter>
    <Filter Include="Script Files">
      <UniqueIdentifier>{82914bd5-2f7b-4596-b15b-67b3a36a3d49}</UniqueIdentifier>
      <Extensions>js</Extensions>
    </Filter>
    <Filter Include="Miscellaneous Files">
      <UniqueIdentifier>{36d57e93-908f-4163-9943-43ada14c5838}</UniqueIdentifier>
      <Extensions>vsz;vsdir;ico;vcproj;csproj;css;inf</Extensions>
    </Filter>
  </ItemGroup>
  <ItemGroup>
    <ClCompile Include="Templates\1033\Application.cpp">
      <Filter>Template Files</Filter>
    </ClCompile>
    <ClCompile Include="Templates\1033\Main.cpp">
      <Filter>Template Files</Filter>
    </ClCompile>
  </ItemGroup>
  <ItemGroup>
    <ClInclude Include="Templates\1033\Application.h">
      <Filter>Template Files</Filter>
    </ClInclude>
  </ItemGroup>
  <ItemGroup>
    <None Include="HTML\1033\default.htm">
      <Filter>HTML Files</Filter>
    </None>
    <None Include="Scripts\1033\default.js">
      <Filter>Script Files</Filter>
    </None>
    <None Include="default.vcproj">
      <Filter>Miscellaneous Files</Filter>
    </None>
    <None Include="1033\NewStyles.css">
      <Filter>Miscellaneous Files</Filter>
    </None>
    <None Include="PixelLightWizard.ico">
      <Filter>Miscellaneous Files</Filter>
    </None>
    <None Include="PixelLightWizard.vsdir">
      <Filter>Miscellaneous Files</Filter>
    </None>
    <None Include="PixelLightWizard.vsz">
      <Filter>Miscellaneous Files</Filter>
    </None>
    <None Include="Templates\1033\Templates.inf">
      <Filter>Miscellaneous Files</Filter>
    </None>
    <None Include="1033\Images\DottedHori.gif" />
    <None Include="1033\Images\DottedVert.gif" />
    <None Include="Images\PixelLightWizard.gif" />
    <None Include="Images\PixelLightWizard_Background.gif" />
    <None Include="1033\Images\spacer.gif" />
  </ItemGroup>
</Project>