<?xml version="1.0" encoding="utf-8"?>
<Project ToolsVersion="4.0" xmlns="http://schemas.microsoft.com/developer/msbuild/2003">
  <ItemGroup>
    <Filter Include="Source Files">
      <UniqueIdentifier>{2f7ed322-a53f-4ca0-9499-2f323b038fbd}</UniqueIdentifier>
      <Extensions>cpp;c;cxx;def;odl;idl;hpj;bat;asm</Extensions>
    </Filter>
  </ItemGroup>
  <ItemGroup>
    <ClCompile Include="src\PGDust.cpp">
      <Filter>Source Files</Filter>
    </ClCompile>
    <ClCompile Include="src\PGExplosion.cpp">
      <Filter>Source Files</Filter>
    </ClCompile>
    <ClCompile Include="src\PGFire.cpp">
      <Filter>Source Files</Filter>
    </ClCompile>
    <ClCompile Include="src\PGFountain.cpp">
      <Filter>Source Files</Filter>
    </ClCompile>
    <ClCompile Include="src\PGFume.cpp">
      <Filter>Source Files</Filter>
    </ClCompile>
    <ClCompile Include="src\PGImage.cpp">
      <Filter>Source Files</Filter>
    </ClCompile>
    <ClCompile Include="src\PGLeaf.cpp">
      <Filter>Source Files</Filter>
    </ClCompile>
    <ClCompile Include="src\PGMagic1.cpp">
      <Filter>Source Files</Filter>
    </ClCompile>
    <ClCompile Include="src\PGMagic2.cpp">
      <Filter>Source Files</Filter>
    </ClCompile>
    <ClCompile Include="src\PGPhysics.cpp">
      <Filter>Source Files</Filter>
    </ClCompile>
    <ClCompile Include="src\PGRain.cpp">
      <Filter>Source Files</Filter>
    </ClCompile>
    <ClCompile Include="src\PGSmoke.cpp">
      <Filter>Source Files</Filter>
    </ClCompile>
    <ClCompile Include="src\PGSparkles.cpp">
      <Filter>Source Files</Filter>
    </ClCompile>
    <ClCompile Include="src\PGSpring.cpp">
      <Filter>Source Files</Filter>
    </ClCompile>
    <ClCompile Include="src\PGStretch.cpp">
      <Filter>Source Files</Filter>
    </ClCompile>
    <ClCompile Include="src\PLParticleGroups.cpp">
      <Filter>Source Files</Filter>
    </ClCompile>
  </ItemGroup>
  <ItemGroup>
    <ClInclude Include="include\PLParticleGroups\PGDust.h">
      <Filter>Source Files</Filter>
    </ClInclude>
    <ClInclude Include="include\PLParticleGroups\PGExplosion.h">
      <Filter>Source Files</Filter>
    </ClInclude>
    <ClInclude Include="include\PLParticleGroups\PGFire.h">
      <Filter>Source Files</Filter>
    </ClInclude>
    <ClInclude Include="include\PLParticleGroups\PGFountain.h">
      <Filter>Source Files</Filter>
    </ClInclude>
    <ClInclude Include="include\PLParticleGroups\PGFume.h">
      <Filter>Source Files</Filter>
    </ClInclude>
    <ClInclude Include="include\PLParticleGroups\PGImage.h">
      <Filter>Source Files</Filter>
    </ClInclude>
    <ClInclude Include="include\PLParticleGroups\PGLeaf.h">
      <Filter>Source Files</Filter>
    </ClInclude>
    <ClInclude Include="include\PLParticleGroups\PGMagic1.h">
      <Filter>Source Files</Filter>
    </ClInclude>
    <ClInclude Include="include\PLParticleGroups\PGMagic2.h">
      <Filter>Source Files</Filter>
    </ClInclude>
    <ClInclude Include="include\PLParticleGroups\PGPhysics.h">
      <Filter>Source Files</Filter>
    </ClInclude>
    <ClInclude Include="include\PLParticleGroups\PGRain.h">
      <Filter>Source Files</Filter>
    </ClInclude>
    <ClInclude Include="include\PLParticleGroups\PGSmoke.h">
      <Filter>Source Files</Filter>
    </ClInclude>
    <ClInclude Include="include\PLParticleGroups\PGSparkles.h">
      <Filter>Source Files</Filter>
    </ClInclude>
    <ClInclude Include="include\PLParticleGroups\PGSpring.h">
      <Filter>Source Files</Filter>
    </ClInclude>
    <ClInclude Include="include\PLParticleGroups\PGStretch.h">
      <Filter>Source Files</Filter>
    </ClInclude>
    <ClInclude Include="include\PLParticleGroups\PLParticleGroups.h">
      <Filter>Source Files</Filter>
    </ClInclude>
    <ClInclude Include="include\PLParticleGroups\PLParticleGroupsLinux.h">
      <Filter>Source Files</Filter>
    </ClInclude>
    <ClInclude Include="include\PLParticleGroups\PLParticleGroupsWindows.h">
      <Filter>Source Files</Filter>
    </ClInclude>
  </ItemGroup>
  <ItemGroup>
    <None Include="CMakeLists.txt" />
    <None Include="Diary.txt" />
  </ItemGroup>
</Project>