<?xml version="1.0" encoding="utf-8"?>
<Project ToolsVersion="4.0" xmlns="http://schemas.microsoft.com/developer/msbuild/2003">
  <ItemGroup>
    <Filter Include="Source Files">
      <UniqueIdentifier>{1d0c72c4-4c5f-44bc-8f7f-69669c76f22f}</UniqueIdentifier>
      <Extensions>cpp;c;cxx;def;odl;idl;hpj;bat;asm</Extensions>
    </Filter>
  </ItemGroup>
  <ItemGroup>
    <ClCompile Include="src\PLFrontendOS.cpp">
      <Filter>Source Files</Filter>
    </ClCompile>
    <ClCompile Include="src\OSWindow.cpp">
      <Filter>Source Files</Filter>
    </ClCompile>
    <ClCompile Include="src\OSWindowWindows.cpp">
      <Filter>Source Files</Filter>
    </ClCompile>
    <ClCompile Include="src\OSWindowLinux.cpp">
      <Filter>Source Files</Filter>
    </ClCompile>
    <ClCompile Include="src\Frontend.cpp">
      <Filter>Source Files</Filter>
    </ClCompile>
    <ClCompile Include="src\XDnDFileDropHelper.cpp">
      <Filter>Source Files</Filter>
    </ClCompile>
  </ItemGroup>
  <ItemGroup>
    <ClInclude Include="include\PLFrontendOS\PLFrontendOS.h">
      <Filter>Source Files</Filter>
    </ClInclude>
    <ClInclude Include="include\PLFrontendOS\OSWindow.h">
      <Filter>Source Files</Filter>
    </ClInclude>
    <ClInclude Include="include\PLFrontendOS\OSWindowWindows.h">
      <Filter>Source Files</Filter>
    </ClInclude>
    <ClInclude Include="include\PLFrontendOS\OSWindowLinux.h">
      <Filter>Source Files</Filter>
    </ClInclude>
    <ClInclude Include="include\PLFrontendOS\Frontend.h">
      <Filter>Source Files</Filter>
    </ClInclude>
    <ClInclude Include="resource.h" />
    <ClInclude Include="include\PLFrontendOS\XDnDFileDropHelper.h">
      <Filter>Source Files</Filter>
    </ClInclude>
  </ItemGroup>
  <ItemGroup>
    <None Include="CMakeLists.txt" />
    <None Include="..\..\Base\PLCore\Diary.txt" />
    <None Include="..\..\PixelLight\PL.ico" />
  </ItemGroup>
  <ItemGroup>
    <ResourceCompile Include="PLFrontendOS.rc" />
  </ItemGroup>
</Project>