<?xml version="1.0" encoding="utf-8"?>
<Project ToolsVersion="4.0" xmlns="http://schemas.microsoft.com/developer/msbuild/2003">
  <ItemGroup>
    <ClCompile Include="src\libRocket_PL.cpp" />
    <ClCompile Include="src\RenderInterfacePL.cpp" />
    <ClCompile Include="src\SystemInterfacePL.cpp" />
    <ClCompile Include="src\RenderInterfacePLShaders.cpp" />
    <ClCompile Include="src\SRPlibRocket.cpp" />
    <ClCompile Include="src\MessageFilterRocket.cpp" />
  </ItemGroup>
  <ItemGroup>
    <ClInclude Include="include\libRocket_PL\libRocket_PL.h" />
    <ClInclude Include="include\libRocket_PL\libRocket_PLLinux.h" />
    <ClInclude Include="include\libRocket_PL\libRocket_PLWindows.h" />
    <ClInclude Include="include\libRocket_PL\RenderInterfacePL.h" />
    <ClInclude Include="include\libRocket_PL\SystemInterfacePL.h" />
    <ClInclude Include="include\libRocket_PL\RenderInterfacePLShaders.h" />
    <ClInclude Include="src\RenderInterfacePLShaders_GLSL.h" />
    <ClInclude Include="src\RenderInterfacePLShaders_Cg.h" />
    <ClInclude Include="include\libRocket_PL\SRPlibRocket.h" />
    <ClInclude Include="include\libRocket_PL\MessageFilterRocket.h" />
  </ItemGroup>
  <ItemGroup>
    <None Include="CMakeLists.txt" />
    <None Include="Diary.txt" />
  </ItemGroup>
</Project>