Microsoft Visual Studio Solution File, Format Version 11.00
# Visual Studio 2010
Project("{8BC9CEB8-8B4A-11D0-8D11-00A0C91BC942}") = "PLMath", "PLMath\PLMath.vcxproj", "{43032FD4-D3BB-41B9-BC18-5AC8A76BCA96}"
EndProject
Project("{8BC9CEB8-8B4A-11D0-8D11-00A0C91BC942}") = "PLDatabase", "PLDatabase\PLDatabase.vcxproj", "{D32C2CA0-8D6F-4801-98D1-78D871A00945}"
EndProject
Project("{8BC9CEB8-8B4A-11D0-8D11-00A0C91BC942}") = "PLGraphics", "PLGraphics\PLGraphics.vcxproj", "{46F614F4-FA79-4A0F-A17E-B888A4878465}"
EndProject
Project("{8BC9CEB8-8B4A-11D0-8D11-00A0C91BC942}") = "PLCore", "PLCore\PLCore.vcxproj", "{E793F581-0152-4143-9809-6EEEF19360A6}"
EndProject
Project("{8BC9CEB8-8B4A-11D0-8D11-00A0C91BC942}") = "PLEngine", "PLEngine\PLEngine.vcxproj", "{CC92EBB3-44C5-429C-992C-CF71C8C69D29}"
EndProject
Project("{8BC9CEB8-8B4A-11D0-8D11-00A0C91BC942}") = "PLGui", "PLGui\PLGui.vcxproj", "{BE939BC0-5787-4AB9-A3D8-0259F58BE436}"
EndProject
Project("{8BC9CEB8-8B4A-11D0-8D11-00A0C91BC942}") = "PLInput", "PLInput\PLInput.vcxproj", "{40522B50-4DAC-47EF-BEB9-F519EE6FEC3E}"
EndProject
Project("{8BC9CEB8-8B4A-11D0-8D11-00A0C91BC942}") = "PLMesh", "PLMesh\PLMesh.vcxproj", "{16438279-A781-44B2-8687-652AA26611D6}"
EndProject
Project("{8BC9CEB8-8B4A-11D0-8D11-00A0C91BC942}") = "PLPhysics", "PLPhysics\PLPhysics.vcxproj", "{4156A4DD-014C-4150-9330-F975DCE3BFB4}"
EndProject
Project("{8BC9CEB8-8B4A-11D0-8D11-00A0C91BC942}") = "PLRenderer", "PLRenderer\PLRenderer.vcxproj", "{40854AE4-668D-41FB-9AF3-C3AE013FA2C6}"
EndProject
Project("{8BC9CEB8-8B4A-11D0-8D11-00A0C91BC942}") = "PLScene", "PLScene\PLScene.vcxproj", "{2791052D-4680-4288-8F9C-77D8FF3C4469}"
EndProject
Project("{8BC9CEB8-8B4A-11D0-8D11-00A0C91BC942}") = "PLSound", "PLSound\PLSound.vcxproj", "{4F984DDD-300E-4E5C-83A6-F075E3D61709}"
EndProject
Global
	GlobalSection(SolutionConfigurationPlatforms) = preSolution
		Debug|Win32 = Debug|Win32
		Debug|x64 = Debug|x64
		Release|Win32 = Release|Win32
		Release|x64 = Release|x64
	EndGlobalSection
	GlobalSection(ProjectConfigurationPlatforms) = postSolution
		{43032FD4-D3BB-41B9-BC18-5AC8A76BCA96}.Debug|Win32.ActiveCfg = Debug|Win32
		{43032FD4-D3BB-41B9-BC18-5AC8A76BCA96}.Debug|Win32.Build.0 = Debug|Win32
		{43032FD4-D3BB-41B9-BC18-5AC8A76BCA96}.Debug|x64.ActiveCfg = Debug|x64
		{43032FD4-D3BB-41B9-BC18-5AC8A76BCA96}.Debug|x64.Build.0 = Debug|x64
		{43032FD4-D3BB-41B9-BC18-5AC8A76BCA96}.Release|Win32.ActiveCfg = Release|Win32
		{43032FD4-D3BB-41B9-BC18-5AC8A76BCA96}.Release|Win32.Build.0 = Release|Win32
		{43032FD4-D3BB-41B9-BC18-5AC8A76BCA96}.Release|x64.ActiveCfg = Release|x64
		{43032FD4-D3BB-41B9-BC18-5AC8A76BCA96}.Release|x64.Build.0 = Release|x64
		{D32C2CA0-8D6F-4801-98D1-78D871A00945}.Debug|Win32.ActiveCfg = Debug|Win32
		{D32C2CA0-8D6F-4801-98D1-78D871A00945}.Debug|Win32.Build.0 = Debug|Win32
		{D32C2CA0-8D6F-4801-98D1-78D871A00945}.Debug|x64.ActiveCfg = Debug|x64
		{D32C2CA0-8D6F-4801-98D1-78D871A00945}.Debug|x64.Build.0 = Debug|x64
		{D32C2CA0-8D6F-4801-98D1-78D871A00945}.Release|Win32.ActiveCfg = Release|Win32
		{D32C2CA0-8D6F-4801-98D1-78D871A00945}.Release|Win32.Build.0 = Release|Win32
		{D32C2CA0-8D6F-4801-98D1-78D871A00945}.Release|x64.ActiveCfg = Release|x64
		{D32C2CA0-8D6F-4801-98D1-78D871A00945}.Release|x64.Build.0 = Release|x64
		{46F614F4-FA79-4A0F-A17E-B888A4878465}.Debug|Win32.ActiveCfg = Debug|Win32
		{46F614F4-FA79-4A0F-A17E-B888A4878465}.Debug|Win32.Build.0 = Debug|Win32
		{46F614F4-FA79-4A0F-A17E-B888A4878465}.Debug|x64.ActiveCfg = Debug|x64
		{46F614F4-FA79-4A0F-A17E-B888A4878465}.Debug|x64.Build.0 = Debug|x64
		{46F614F4-FA79-4A0F-A17E-B888A4878465}.Release|Win32.ActiveCfg = Release|Win32
		{46F614F4-FA79-4A0F-A17E-B888A4878465}.Release|Win32.Build.0 = Release|Win32
		{46F614F4-FA79-4A0F-A17E-B888A4878465}.Release|x64.ActiveCfg = Release|x64
		{46F614F4-FA79-4A0F-A17E-B888A4878465}.Release|x64.Build.0 = Release|x64
		{E793F581-0152-4143-9809-6EEEF19360A6}.Debug|Win32.ActiveCfg = Debug|Win32
		{E793F581-0152-4143-9809-6EEEF19360A6}.Debug|Win32.Build.0 = Debug|Win32
		{E793F581-0152-4143-9809-6EEEF19360A6}.Debug|x64.ActiveCfg = Debug|x64
		{E793F581-0152-4143-9809-6EEEF19360A6}.Debug|x64.Build.0 = Debug|x64
		{E793F581-0152-4143-9809-6EEEF19360A6}.Release|Win32.ActiveCfg = Release|Win32
		{E793F581-0152-4143-9809-6EEEF19360A6}.Release|Win32.Build.0 = Release|Win32
		{E793F581-0152-4143-9809-6EEEF19360A6}.Release|x64.ActiveCfg = Release|x64
		{E793F581-0152-4143-9809-6EEEF19360A6}.Release|x64.Build.0 = Release|x64
		{CC92EBB3-44C5-429C-992C-CF71C8C69D29}.Debug|Win32.ActiveCfg = Debug|Win32
		{CC92EBB3-44C5-429C-992C-CF71C8C69D29}.Debug|Win32.Build.0 = Debug|Win32
		{CC92EBB3-44C5-429C-992C-CF71C8C69D29}.Debug|x64.ActiveCfg = Debug|x64
		{CC92EBB3-44C5-429C-992C-CF71C8C69D29}.Debug|x64.Build.0 = Debug|x64
		{CC92EBB3-44C5-429C-992C-CF71C8C69D29}.Release|Win32.ActiveCfg = Release|Win32
		{CC92EBB3-44C5-429C-992C-CF71C8C69D29}.Release|Win32.Build.0 = Release|Win32
		{CC92EBB3-44C5-429C-992C-CF71C8C69D29}.Release|x64.ActiveCfg = Release|x64
		{CC92EBB3-44C5-429C-992C-CF71C8C69D29}.Release|x64.Build.0 = Release|x64
		{BE939BC0-5787-4AB9-A3D8-0259F58BE436}.Debug|Win32.ActiveCfg = Debug|Win32
		{BE939BC0-5787-4AB9-A3D8-0259F58BE436}.Debug|Win32.Build.0 = Debug|Win32
		{BE939BC0-5787-4AB9-A3D8-0259F58BE436}.Debug|x64.ActiveCfg = Debug|x64
		{BE939BC0-5787-4AB9-A3D8-0259F58BE436}.Debug|x64.Build.0 = Debug|x64
		{BE939BC0-5787-4AB9-A3D8-0259F58BE436}.Release|Win32.ActiveCfg = Release|Win32
		{BE939BC0-5787-4AB9-A3D8-0259F58BE436}.Release|Win32.Build.0 = Release|Win32
		{BE939BC0-5787-4AB9-A3D8-0259F58BE436}.Release|x64.ActiveCfg = Release|x64
		{BE939BC0-5787-4AB9-A3D8-0259F58BE436}.Release|x64.Build.0 = Release|x64
		{40522B50-4DAC-47EF-BEB9-F519EE6FEC3E}.Debug|Win32.ActiveCfg = Debug|Win32
		{40522B50-4DAC-47EF-BEB9-F519EE6FEC3E}.Debug|Win32.Build.0 = Debug|Win32
		{40522B50-4DAC-47EF-BEB9-F519EE6FEC3E}.Debug|x64.ActiveCfg = Debug|x64
		{40522B50-4DAC-47EF-BEB9-F519EE6FEC3E}.Debug|x64.Build.0 = Debug|x64
		{40522B50-4DAC-47EF-BEB9-F519EE6FEC3E}.Release|Win32.ActiveCfg = Release|Win32
		{40522B50-4DAC-47EF-BEB9-F519EE6FEC3E}.Release|Win32.Build.0 = Release|Win32
		{40522B50-4DAC-47EF-BEB9-F519EE6FEC3E}.Release|x64.ActiveCfg = Release|x64
		{40522B50-4DAC-47EF-BEB9-F519EE6FEC3E}.Release|x64.Build.0 = Release|x64
		{16438279-A781-44B2-8687-652AA26611D6}.Debug|Win32.ActiveCfg = Debug|Win32
		{16438279-A781-44B2-8687-652AA26611D6}.Debug|Win32.Build.0 = Debug|Win32
		{16438279-A781-44B2-8687-652AA26611D6}.Debug|x64.ActiveCfg = Debug|x64
		{16438279-A781-44B2-8687-652AA26611D6}.Debug|x64.Build.0 = Debug|x64
		{16438279-A781-44B2-8687-652AA26611D6}.Release|Win32.ActiveCfg = Release|Win32
		{16438279-A781-44B2-8687-652AA26611D6}.Release|Win32.Build.0 = Release|Win32
		{16438279-A781-44B2-8687-652AA26611D6}.Release|x64.ActiveCfg = Release|x64
		{16438279-A781-44B2-8687-652AA26611D6}.Release|x64.Build.0 = Release|x64
		{4156A4DD-014C-4150-9330-F975DCE3BFB4}.Debug|Win32.ActiveCfg = Debug|Win32
		{4156A4DD-014C-4150-9330-F975DCE3BFB4}.Debug|Win32.Build.0 = Debug|Win32
		{4156A4DD-014C-4150-9330-F975DCE3BFB4}.Debug|x64.ActiveCfg = Debug|x64
		{4156A4DD-014C-4150-9330-F975DCE3BFB4}.Debug|x64.Build.0 = Debug|x64
		{4156A4DD-014C-4150-9330-F975DCE3BFB4}.Release|Win32.ActiveCfg = Release|Win32
		{4156A4DD-014C-4150-9330-F975DCE3BFB4}.Release|Win32.Build.0 = Release|Win32
		{4156A4DD-014C-4150-9330-F975DCE3BFB4}.Release|x64.ActiveCfg = Release|x64
		{4156A4DD-014C-4150-9330-F975DCE3BFB4}.Release|x64.Build.0 = Release|x64
		{40854AE4-668D-41FB-9AF3-C3AE013FA2C6}.Debug|Win32.ActiveCfg = Debug|Win32
		{40854AE4-668D-41FB-9AF3-C3AE013FA2C6}.Debug|Win32.Build.0 = Debug|Win32
		{40854AE4-668D-41FB-9AF3-C3AE013FA2C6}.Debug|x64.ActiveCfg = Debug|x64
		{40854AE4-668D-41FB-9AF3-C3AE013FA2C6}.Debug|x64.Build.0 = Debug|x64
		{40854AE4-668D-41FB-9AF3-C3AE013FA2C6}.Release|Win32.ActiveCfg = Release|Win32
		{40854AE4-668D-41FB-9AF3-C3AE013FA2C6}.Release|Win32.Build.0 = Release|Win32
		{40854AE4-668D-41FB-9AF3-C3AE013FA2C6}.Release|x64.ActiveCfg = Release|x64
		{40854AE4-668D-41FB-9AF3-C3AE013FA2C6}.Release|x64.Build.0 = Release|x64
		{2791052D-4680-4288-8F9C-77D8FF3C4469}.Debug|Win32.ActiveCfg = Debug|Win32
		{2791052D-4680-4288-8F9C-77D8FF3C4469}.Debug|Win32.Build.0 = Debug|Win32
		{2791052D-4680-4288-8F9C-77D8FF3C4469}.Debug|x64.ActiveCfg = Debug|x64
		{2791052D-4680-4288-8F9C-77D8FF3C4469}.Debug|x64.Build.0 = Debug|x64
		{2791052D-4680-4288-8F9C-77D8FF3C4469}.Release|Win32.ActiveCfg = Release|Win32
		{2791052D-4680-4288-8F9C-77D8FF3C4469}.Release|Win32.Build.0 = Release|Win32
		{2791052D-4680-4288-8F9C-77D8FF3C4469}.Release|x64.ActiveCfg = Release|x64
		{2791052D-4680-4288-8F9C-77D8FF3C4469}.Release|x64.Build.0 = Release|x64
		{4F984DDD-300E-4E5C-83A6-F075E3D61709}.Debug|Win32.ActiveCfg = Debug|Win32
		{4F984DDD-300E-4E5C-83A6-F075E3D61709}.Debug|Win32.Build.0 = Debug|Win32
		{4F984DDD-300E-4E5C-83A6-F075E3D61709}.Debug|x64.ActiveCfg = Debug|x64
		{4F984DDD-300E-4E5C-83A6-F075E3D61709}.Debug|x64.Build.0 = Debug|x64
		{4F984DDD-300E-4E5C-83A6-F075E3D61709}.Release|Win32.ActiveCfg = Release|Win32
		{4F984DDD-300E-4E5C-83A6-F075E3D61709}.Release|Win32.Build.0 = Release|Win32
		{4F984DDD-300E-4E5C-83A6-F075E3D61709}.Release|x64.ActiveCfg = Release|x64
		{4F984DDD-300E-4E5C-83A6-F075E3D61709}.Release|x64.Build.0 = Release|x64
	EndGlobalSection
	GlobalSection(SolutionProperties) = preSolution
		HideSolutionNode = FALSE
	EndGlobalSection
EndGlobal
