<?xml version="1.0" encoding="utf-8"?>
<Project ToolsVersion="4.0" xmlns="http://schemas.microsoft.com/developer/msbuild/2003">
  <ItemGroup>
    <Filter Include="Source Files">
      <UniqueIdentifier>{5a93ddb5-57d8-4c87-94fa-a9e937e0b9c5}</UniqueIdentifier>
      <Extensions>cpp;c;cxx;def;odl;idl;hpj;bat;asm</Extensions>
    </Filter>
    <Filter Include="Creator">
      <UniqueIdentifier>{776e3793-30c6-45f4-bd89-9ef211e374f6}</UniqueIdentifier>
    </Filter>
    <Filter Include="Loader">
      <UniqueIdentifier>{caaee4d5-8100-43a7-adce-fe010748961a}</UniqueIdentifier>
    </Filter>
    <Filter Include="Mesh">
      <UniqueIdentifier>{59f01958-c02c-4bc2-9526-d70940b4d514}</UniqueIdentifier>
    </Filter>
  </ItemGroup>
  <ItemGroup>
    <ClCompile Include="src\PLMesh.cpp">
      <Filter>Source Files</Filter>
    </ClCompile>
    <ClCompile Include="src\Creator\MeshCreator.cpp">
      <Filter>Creator</Filter>
    </ClCompile>
    <ClCompile Include="src\Creator\MeshCreatorBezierPatch.cpp">
      <Filter>Creator</Filter>
    </ClCompile>
    <ClCompile Include="src\Creator\MeshCreatorCappedCylinder.cpp">
      <Filter>Creator</Filter>
    </ClCompile>
    <ClCompile Include="src\Creator\MeshCreatorCube.cpp">
      <Filter>Creator</Filter>
    </ClCompile>
    <ClCompile Include="src\Creator\MeshCreatorCylinder.cpp">
      <Filter>Creator</Filter>
    </ClCompile>
    <ClCompile Include="src\Creator\MeshCreatorDisk.cpp">
      <Filter>Creator</Filter>
    </ClCompile>
    <ClCompile Include="src\Creator\MeshCreatorDome.cpp">
      <Filter>Creator</Filter>
    </ClCompile>
    <ClCompile Include="src\Creator\MeshCreatorFlashlight.cpp">
      <Filter>Creator</Filter>
    </ClCompile>
    <ClCompile Include="src\Creator\MeshCreatorPartialDisk.cpp">
      <Filter>Creator</Filter>
    </ClCompile>
    <ClCompile Include="src\Creator\MeshCreatorQuad.cpp">
      <Filter>Creator</Filter>
    </ClCompile>
    <ClCompile Include="src\Creator\MeshCreatorSphere.cpp">
      <Filter>Creator</Filter>
    </ClCompile>
    <ClCompile Include="src\Creator\MeshCreatorSuperEllipse.cpp">
      <Filter>Creator</Filter>
    </ClCompile>
    <ClCompile Include="src\Creator\MeshCreatorTeapot.cpp">
      <Filter>Creator</Filter>
    </ClCompile>
    <ClCompile Include="src\Creator\MeshCreatorTorus.cpp">
      <Filter>Creator</Filter>
    </ClCompile>
    <ClCompile Include="src\Creator\MeshCreatorTriangle.cpp">
      <Filter>Creator</Filter>
    </ClCompile>
    <ClCompile Include="src\Loader\MeshFile.cpp">
      <Filter>Loader</Filter>
    </ClCompile>
    <ClCompile Include="src\Loader\MeshLoader.cpp">
      <Filter>Loader</Filter>
    </ClCompile>
    <ClCompile Include="src\Loader\MeshLoaderPL.cpp">
      <Filter>Loader</Filter>
    </ClCompile>
    <ClCompile Include="src\Loader\MeshLoaderPLXml.cpp">
      <Filter>Loader</Filter>
    </ClCompile>
    <ClCompile Include="src\Loader\SkeletonAniLoader.cpp">
      <Filter>Loader</Filter>
    </ClCompile>
    <ClCompile Include="src\AnchorPoint.cpp">
      <Filter>Mesh</Filter>
    </ClCompile>
    <ClCompile Include="src\Geometry.cpp">
      <Filter>Mesh</Filter>
    </ClCompile>
    <ClCompile Include="src\Joint.cpp">
      <Filter>Mesh</Filter>
    </ClCompile>
    <ClCompile Include="src\JointAni.cpp">
      <Filter>Mesh</Filter>
    </ClCompile>
    <ClCompile Include="src\JointHandler.cpp">
      <Filter>Mesh</Filter>
    </ClCompile>
    <ClCompile Include="src\JointState.cpp">
      <Filter>Mesh</Filter>
    </ClCompile>
    <ClCompile Include="src\Mesh.cpp">
      <Filter>Mesh</Filter>
    </ClCompile>
    <ClCompile Include="src\MeshAnimationManager.cpp">
      <Filter>Mesh</Filter>
    </ClCompile>
    <ClCompile Include="src\MeshAnimationManagerHardware.cpp">
      <Filter>Mesh</Filter>
    </ClCompile>
    <ClCompile Include="src\MeshAnimationManagerSoftware.cpp">
      <Filter>Mesh</Filter>
    </ClCompile>
    <ClCompile Include="src\MeshHandler.cpp">
      <Filter>Mesh</Filter>
    </ClCompile>
    <ClCompile Include="src\MeshLODLevel.cpp">
      <Filter>Mesh</Filter>
    </ClCompile>
    <ClCompile Include="src\MeshManager.cpp">
      <Filter>Mesh</Filter>
    </ClCompile>
    <ClCompile Include="src\MeshMorphTarget.cpp">
      <Filter>Mesh</Filter>
    </ClCompile>
    <ClCompile Include="src\MeshOctree.cpp">
      <Filter>Mesh</Filter>
    </ClCompile>
    <ClCompile Include="src\MorphTargetAni.cpp">
      <Filter>Mesh</Filter>
    </ClCompile>
    <ClCompile Include="src\Skeleton.cpp">
      <Filter>Mesh</Filter>
    </ClCompile>
    <ClCompile Include="src\SkeletonHandler.cpp">
      <Filter>Mesh</Filter>
    </ClCompile>
    <ClCompile Include="src\SkeletonManager.cpp">
      <Filter>Mesh</Filter>
    </ClCompile>
    <ClCompile Include="src\SPMeshPreview.cpp">
      <Filter>Mesh</Filter>
    </ClCompile>
    <ClCompile Include="src\VertexWeights.cpp">
      <Filter>Mesh</Filter>
    </ClCompile>
    <ClCompile Include="src\Weight.cpp">
      <Filter>Mesh</Filter>
    </ClCompile>
  </ItemGroup>
  <ItemGroup>
    <ClInclude Include="include\PLMesh\PLMesh.h">
      <Filter>Source Files</Filter>
    </ClInclude>
    <ClInclude Include="include\PLMesh\Creator\MeshCreator.h">
      <Filter>Creator</Filter>
    </ClInclude>
    <ClInclude Include="include\PLMesh\Creator\MeshCreatorCube.h">
      <Filter>Creator</Filter>
    </ClInclude>
    <ClInclude Include="include\PLMesh\Loader\MeshFile.h">
      <Filter>Loader</Filter>
    </ClInclude>
    <ClInclude Include="include\PLMesh\Loader\MeshLoader.h">
      <Filter>Loader</Filter>
    </ClInclude>
    <ClInclude Include="include\PLMesh\Loader\MeshLoaderPL.h">
      <Filter>Loader</Filter>
    </ClInclude>
    <ClInclude Include="include\PLMesh\Loader\MeshLoaderPLXml.h">
      <Filter>Loader</Filter>
    </ClInclude>
    <ClInclude Include="include\PLMesh\Loader\SkeletonAniLoader.h">
      <Filter>Loader</Filter>
    </ClInclude>
    <ClInclude Include="include\PLMesh\AnchorPoint.h">
      <Filter>Mesh</Filter>
    </ClInclude>
    <ClInclude Include="include\PLMesh\Geometry.h">
      <Filter>Mesh</Filter>
    </ClInclude>
    <ClInclude Include="include\PLMesh\Joint.h">
      <Filter>Mesh</Filter>
    </ClInclude>
    <ClInclude Include="include\PLMesh\JointAni.h">
      <Filter>Mesh</Filter>
    </ClInclude>
    <ClInclude Include="include\PLMesh\JointHandler.h">
      <Filter>Mesh</Filter>
    </ClInclude>
    <ClInclude Include="include\PLMesh\JointState.h">
      <Filter>Mesh</Filter>
    </ClInclude>
    <ClInclude Include="include\PLMesh\Mesh.h">
      <Filter>Mesh</Filter>
    </ClInclude>
    <ClInclude Include="include\PLMesh\MeshAnimationManager.h">
      <Filter>Mesh</Filter>
    </ClInclude>
    <ClInclude Include="include\PLMesh\MeshAnimationManagerHardware.h">
      <Filter>Mesh</Filter>
    </ClInclude>
    <ClInclude Include="include\PLMesh\MeshAnimationManagerSoftware.h">
      <Filter>Mesh</Filter>
    </ClInclude>
    <ClInclude Include="include\PLMesh\MeshHandler.h">
      <Filter>Mesh</Filter>
    </ClInclude>
    <ClInclude Include="include\PLMesh\MeshLODLevel.h">
      <Filter>Mesh</Filter>
    </ClInclude>
    <ClInclude Include="include\PLMesh\MeshManager.h">
      <Filter>Mesh</Filter>
    </ClInclude>
    <ClInclude Include="include\PLMesh\MeshMorphTarget.h">
      <Filter>Mesh</Filter>
    </ClInclude>
    <ClInclude Include="include\PLMesh\MeshOctree.h">
      <Filter>Mesh</Filter>
    </ClInclude>
    <ClInclude Include="include\PLMesh\MorphTargetAni.h">
      <Filter>Mesh</Filter>
    </ClInclude>
    <ClInclude Include="include\PLMesh\Skeleton.h">
      <Filter>Mesh</Filter>
    </ClInclude>
    <ClInclude Include="include\PLMesh\SkeletonHandler.h">
      <Filter>Mesh</Filter>
    </ClInclude>
    <ClInclude Include="include\PLMesh\SkeletonManager.h">
      <Filter>Mesh</Filter>
    </ClInclude>
    <ClInclude Include="include\PLMesh\SPMeshPreview.h">
      <Filter>Mesh</Filter>
    </ClInclude>
    <ClInclude Include="include\PLMesh\VertexWeights.h">
      <Filter>Mesh</Filter>
    </ClInclude>
    <ClInclude Include="include\PLMesh\Weight.h">
      <Filter>Mesh</Filter>
    </ClInclude>
  </ItemGroup>
  <ItemGroup>
    <None Include="CMakeLists.txt" />
    <None Include="Diary.txt" />
  </ItemGroup>
  <ItemGroup>
    <CustomBuildStep Include="include\PLMesh\Creator\MeshCreatorBezierPatch.h">
      <Filter>Creator</Filter>
    </CustomBuildStep>
    <CustomBuildStep Include="include\PLMesh\Creator\MeshCreatorCappedCylinder.h">
      <Filter>Creator</Filter>
    </CustomBuildStep>
    <CustomBuildStep Include="include\PLMesh\Creator\MeshCreatorCylinder.h">
      <Filter>Creator</Filter>
    </CustomBuildStep>
    <CustomBuildStep Include="include\PLMesh\Creator\MeshCreatorDisk.h">
      <Filter>Creator</Filter>
    </CustomBuildStep>
    <CustomBuildStep Include="include\PLMesh\Creator\MeshCreatorDome.h">
      <Filter>Creator</Filter>
    </CustomBuildStep>
    <CustomBuildStep Include="include\PLMesh\Creator\MeshCreatorFlashlight.h">
      <Filter>Creator</Filter>
    </CustomBuildStep>
    <CustomBuildStep Include="include\PLMesh\Creator\MeshCreatorPartialDisk.h">
      <Filter>Creator</Filter>
    </CustomBuildStep>
    <CustomBuildStep Include="include\PLMesh\Creator\MeshCreatorQuad.h">
      <Filter>Creator</Filter>
    </CustomBuildStep>
    <CustomBuildStep Include="include\PLMesh\Creator\MeshCreatorSphere.h">
      <Filter>Creator</Filter>
    </CustomBuildStep>
    <CustomBuildStep Include="include\PLMesh\Creator\MeshCreatorSuperEllipse.h">
      <Filter>Creator</Filter>
    </CustomBuildStep>
    <CustomBuildStep Include="include\PLMesh\Creator\MeshCreatorTeapot.h">
      <Filter>Creator</Filter>
    </CustomBuildStep>
    <CustomBuildStep Include="include\PLMesh\Creator\MeshCreatorTorus.h">
      <Filter>Creator</Filter>
    </CustomBuildStep>
    <CustomBuildStep Include="include\PLMesh\Creator\MeshCreatorTriangle.h">
      <Filter>Creator</Filter>
    </CustomBuildStep>
  </ItemGroup>
</Project>