<?xml version="1.0" encoding="utf-8"?>
<Project ToolsVersion="4.0" xmlns="http://schemas.microsoft.com/developer/msbuild/2003">
  <ItemGroup>
    <Filter Include="Source Files">
      <UniqueIdentifier>{e6fd6dcb-013f-4c2a-b617-3dc734581f39}</UniqueIdentifier>
      <Extensions>cpp;c;cxx;def;odl;idl;hpj;bat;asm</Extensions>
    </Filter>
    <Filter Include="Texture">
      <UniqueIdentifier>{d21c74f4-5a3c-45b1-86f1-6ecc4bd84e07}</UniqueIdentifier>
    </Filter>
    <Filter Include="Texture\Creator">
      <UniqueIdentifier>{f5022876-959e-41b5-8f7d-641ce2105ad1}</UniqueIdentifier>
    </Filter>
    <Filter Include="Material">
      <UniqueIdentifier>{7e35a2b9-1dd6-43a7-8715-0a4fcf79460a}</UniqueIdentifier>
    </Filter>
    <Filter Include="Effect">
      <UniqueIdentifier>{b609f596-01fb-4c8a-a16b-4429f40ef9ac}</UniqueIdentifier>
    </Filter>
    <Filter Include="Animation">
      <UniqueIdentifier>{3bf13653-29fc-4130-8e45-be1ba5c1cf18}</UniqueIdentifier>
    </Filter>
    <Filter Include="Renderer">
      <UniqueIdentifier>{f952e9ae-cdbf-4758-a607-11bcdcd77f95}</UniqueIdentifier>
    </Filter>
    <Filter Include="Renderer\Backend">
      <UniqueIdentifier>{2ed9562d-c592-4fe5-95a6-52c863b91051}</UniqueIdentifier>
    </Filter>
    <Filter Include="Application">
      <UniqueIdentifier>{5fe50286-9b2f-4b43-8df9-01173e3dc9df}</UniqueIdentifier>
    </Filter>
  </ItemGroup>
  <ItemGroup>
    <ClCompile Include="src\PLRenderer.cpp">
      <Filter>Source Files</Filter>
    </ClCompile>
    <ClCompile Include="src\RendererContext.cpp">
      <Filter>Source Files</Filter>
    </ClCompile>
    <ClCompile Include="src\SPDefault.cpp">
      <Filter>Source Files</Filter>
    </ClCompile>
    <ClCompile Include="src\SPPreview.cpp">
      <Filter>Source Files</Filter>
    </ClCompile>
    <ClCompile Include="src\Texture\AniInfo.cpp">
      <Filter>Texture</Filter>
    </ClCompile>
    <ClCompile Include="src\Texture\AniInfoHandler.cpp">
      <Filter>Texture</Filter>
    </ClCompile>
    <ClCompile Include="src\Texture\AniInfoManager.cpp">
      <Filter>Texture</Filter>
    </ClCompile>
    <ClCompile Include="src\Texture\SPTexturelPreview.cpp">
      <Filter>Texture</Filter>
    </ClCompile>
    <ClCompile Include="src\Texture\Texture.cpp">
      <Filter>Texture</Filter>
    </ClCompile>
    <ClCompile Include="src\Texture\TextureAni.cpp">
      <Filter>Texture</Filter>
    </ClCompile>
    <ClCompile Include="src\Texture\TextureAniLoader.cpp">
      <Filter>Texture</Filter>
    </ClCompile>
    <ClCompile Include="src\Texture\TextureAniLoaderPL.cpp">
      <Filter>Texture</Filter>
    </ClCompile>
    <ClCompile Include="src\Texture\TextureHandler.cpp">
      <Filter>Texture</Filter>
    </ClCompile>
    <ClCompile Include="src\Texture\TextureManager.cpp">
      <Filter>Texture</Filter>
    </ClCompile>
    <ClCompile Include="src\Texture\Creator\TextureCreator.cpp">
      <Filter>Texture\Creator</Filter>
    </ClCompile>
    <ClCompile Include="src\Texture\Creator\TextureCreatorAngleCubeMap.cpp">
      <Filter>Texture\Creator</Filter>
    </ClCompile>
    <ClCompile Include="src\Texture\Creator\TextureCreatorASCII3D.cpp">
      <Filter>Texture\Creator</Filter>
    </ClCompile>
    <ClCompile Include="src\Texture\Creator\TextureCreatorBlank2D.cpp">
      <Filter>Texture\Creator</Filter>
    </ClCompile>
    <ClCompile Include="src\Texture\Creator\TextureCreatorHorizonMap3D.cpp">
      <Filter>Texture\Creator</Filter>
    </ClCompile>
    <ClCompile Include="src\Texture\Creator\TextureCreatorNormalizationCubeMap.cpp">
      <Filter>Texture\Creator</Filter>
    </ClCompile>
    <ClCompile Include="src\Texture\Creator\TextureCreatorRandom2D.cpp">
      <Filter>Texture\Creator</Filter>
    </ClCompile>
    <ClCompile Include="src\Texture\Creator\TextureCreatorSpot2D.cpp">
      <Filter>Texture\Creator</Filter>
    </ClCompile>
    <ClCompile Include="src\Texture\Creator\TextureCreatorTurbulence3D.cpp">
      <Filter>Texture\Creator</Filter>
    </ClCompile>
    <ClCompile Include="src\Material\Material.cpp">
      <Filter>Material</Filter>
    </ClCompile>
    <ClCompile Include="src\Material\MaterialHandler.cpp">
      <Filter>Material</Filter>
    </ClCompile>
    <ClCompile Include="src\Material\MaterialLoader.cpp">
      <Filter>Material</Filter>
    </ClCompile>
    <ClCompile Include="src\Material\MaterialLoaderPL.cpp">
      <Filter>Material</Filter>
    </ClCompile>
    <ClCompile Include="src\Material\MaterialManager.cpp">
      <Filter>Material</Filter>
    </ClCompile>
    <ClCompile Include="src\Material\Parameter.cpp">
      <Filter>Material</Filter>
    </ClCompile>
    <ClCompile Include="src\Material\ParameterManager.cpp">
      <Filter>Material</Filter>
    </ClCompile>
    <ClCompile Include="src\Material\SPMaterialPreview.cpp">
      <Filter>Material</Filter>
    </ClCompile>
    <ClCompile Include="src\Effect\Effect.cpp">
      <Filter>Effect</Filter>
    </ClCompile>
    <ClCompile Include="src\Effect\EffectHandler.cpp">
      <Filter>Effect</Filter>
    </ClCompile>
    <ClCompile Include="src\Effect\EffectLoader.cpp">
      <Filter>Effect</Filter>
    </ClCompile>
    <ClCompile Include="src\Effect\EffectLoaderPL.cpp">
      <Filter>Effect</Filter>
    </ClCompile>
    <ClCompile Include="src\Effect\EffectManager.cpp">
      <Filter>Effect</Filter>
    </ClCompile>
    <ClCompile Include="src\Effect\EffectPass.cpp">
      <Filter>Effect</Filter>
    </ClCompile>
    <ClCompile Include="src\Effect\EffectPassLayer.cpp">
      <Filter>Effect</Filter>
    </ClCompile>
    <ClCompile Include="src\Effect\EffectTechnique.cpp">
      <Filter>Effect</Filter>
    </ClCompile>
    <ClCompile Include="src\Effect\SPEffectPreview.cpp">
      <Filter>Effect</Filter>
    </ClCompile>
    <ClCompile Include="src\Animation\Animation.cpp">
      <Filter>Animation</Filter>
    </ClCompile>
    <ClCompile Include="src\Animation\AnimationBase.cpp">
      <Filter>Animation</Filter>
    </ClCompile>
    <ClCompile Include="src\Animation\AnimationEvent.cpp">
      <Filter>Animation</Filter>
    </ClCompile>
    <ClCompile Include="src\Animation\AnimationFrameInfo.cpp">
      <Filter>Animation</Filter>
    </ClCompile>
    <ClCompile Include="src\Animation\AnimationHandler.cpp">
      <Filter>Animation</Filter>
    </ClCompile>
    <ClCompile Include="src\Animation\AnimationInfo.cpp">
      <Filter>Animation</Filter>
    </ClCompile>
    <ClCompile Include="src\Animation\AnimationManager.cpp">
      <Filter>Animation</Filter>
    </ClCompile>
    <ClCompile Include="src\Renderer\Buffer.cpp">
      <Filter>Renderer</Filter>
    </ClCompile>
    <ClCompile Include="src\Renderer\DrawHelpers.cpp">
      <Filter>Renderer</Filter>
    </ClCompile>
    <ClCompile Include="src\Renderer\FixedFunctions.cpp">
      <Filter>Renderer</Filter>
    </ClCompile>
    <ClCompile Include="src\Renderer\FixedFunctionsRenderStates.cpp">
      <Filter>Renderer</Filter>
    </ClCompile>
    <ClCompile Include="src\Renderer\FixedFunctionsTextureStageStates.cpp">
      <Filter>Renderer</Filter>
    </ClCompile>
    <ClCompile Include="src\Renderer\Font.cpp">
      <Filter>Renderer</Filter>
    </ClCompile>
    <ClCompile Include="src\Renderer\FontGlyph.cpp">
      <Filter>Renderer</Filter>
    </ClCompile>
    <ClCompile Include="src\Renderer\FontGlyphTexture.cpp">
      <Filter>Renderer</Filter>
    </ClCompile>
    <ClCompile Include="src\Renderer\FontManager.cpp">
      <Filter>Renderer</Filter>
    </ClCompile>
    <ClCompile Include="src\Renderer\FontTexture.cpp">
      <Filter>Renderer</Filter>
    </ClCompile>
    <ClCompile Include="src\Renderer\FragmentShader.cpp">
      <Filter>Renderer</Filter>
    </ClCompile>
    <ClCompile Include="src\Renderer\GeometryShader.cpp">
      <Filter>Renderer</Filter>
    </ClCompile>
    <ClCompile Include="src\Renderer\IndexBuffer.cpp">
      <Filter>Renderer</Filter>
    </ClCompile>
    <ClCompile Include="src\Renderer\OcclusionQuery.cpp">
      <Filter>Renderer</Filter>
    </ClCompile>
    <ClCompile Include="src\Renderer\Parameters.cpp">
      <Filter>Renderer</Filter>
    </ClCompile>
    <ClCompile Include="src\Renderer\Program.cpp">
      <Filter>Renderer</Filter>
    </ClCompile>
    <ClCompile Include="src\Renderer\ProgramAttribute.cpp">
      <Filter>Renderer</Filter>
    </ClCompile>
    <ClCompile Include="src\Renderer\ProgramGenerator.cpp">
      <Filter>Renderer</Filter>
    </ClCompile>
    <ClCompile Include="src\Renderer\ProgramUniform.cpp">
      <Filter>Renderer</Filter>
    </ClCompile>
    <ClCompile Include="src\Renderer\Renderer.cpp">
      <Filter>Renderer</Filter>
    </ClCompile>
    <ClCompile Include="src\Renderer\RenderStates.cpp">
      <Filter>Renderer</Filter>
    </ClCompile>
    <ClCompile Include="src\Renderer\Resource.cpp">
      <Filter>Renderer</Filter>
    </ClCompile>
    <ClCompile Include="src\Renderer\ResourceHandler.cpp">
      <Filter>Renderer</Filter>
    </ClCompile>
    <ClCompile Include="src\Renderer\SamplerStates.cpp">
      <Filter>Renderer</Filter>
    </ClCompile>
    <ClCompile Include="src\Renderer\Shader.cpp">
      <Filter>Renderer</Filter>
    </ClCompile>
    <ClCompile Include="src\Renderer\ShaderLanguage.cpp">
      <Filter>Renderer</Filter>
    </ClCompile>
    <ClCompile Include="src\Renderer\Surface.cpp">
      <Filter>Renderer</Filter>
    </ClCompile>
    <ClCompile Include="src\Renderer\SurfaceHandler.cpp">
      <Filter>Renderer</Filter>
    </ClCompile>
    <ClCompile Include="src\Renderer\SurfacePainter.cpp">
      <Filter>Renderer</Filter>
    </ClCompile>
    <ClCompile Include="src\Renderer\SurfaceTextureBuffer.cpp">
      <Filter>Renderer</Filter>
    </ClCompile>
    <ClCompile Include="src\Renderer\SurfaceWindow.cpp">
      <Filter>Renderer</Filter>
    </ClCompile>
    <ClCompile Include="src\Renderer\SurfaceWindowHandler.cpp">
      <Filter>Renderer</Filter>
    </ClCompile>
    <ClCompile Include="src\Renderer\TextureBuffer.cpp">
      <Filter>Renderer</Filter>
    </ClCompile>
    <ClCompile Include="src\Renderer\TextureBuffer1D.cpp">
      <Filter>Renderer</Filter>
    </ClCompile>
    <ClCompile Include="src\Renderer\TextureBuffer2D.cpp">
      <Filter>Renderer</Filter>
    </ClCompile>
    <ClCompile Include="src\Renderer\TextureBuffer3D.cpp">
      <Filter>Renderer</Filter>
    </ClCompile>
    <ClCompile Include="src\Renderer\TextureBufferCube.cpp">
      <Filter>Renderer</Filter>
    </ClCompile>
    <ClCompile Include="src\Renderer\TextureBufferRectangle.cpp">
      <Filter>Renderer</Filter>
    </ClCompile>
    <ClCompile Include="src\Renderer\VertexBuffer.cpp">
      <Filter>Renderer</Filter>
    </ClCompile>
    <ClCompile Include="src\Renderer\VertexShader.cpp">
      <Filter>Renderer</Filter>
    </ClCompile>
    <ClCompile Include="src\Renderer\Backend\DrawHelpersBackend.cpp">
      <Filter>Renderer\Backend</Filter>
    </ClCompile>
    <ClCompile Include="src\Renderer\Backend\DrawHelpersBackendFixedFunctions.cpp">
      <Filter>Renderer\Backend</Filter>
    </ClCompile>
    <ClCompile Include="src\Renderer\Backend\DrawHelpersBackendShaders.cpp">
      <Filter>Renderer\Backend</Filter>
    </ClCompile>
    <ClCompile Include="src\Renderer\Backend\RendererBackend.cpp">
      <Filter>Renderer\Backend</Filter>
    </ClCompile>
    <ClCompile Include="src\Renderer\ProgramUniformBlock.cpp">
      <Filter>Renderer</Filter>
    </ClCompile>
    <ClCompile Include="src\Renderer\UniformBuffer.cpp">
      <Filter>Renderer</Filter>
    </ClCompile>
    <ClCompile Include="src\Application\RenderApplication.cpp">
      <Filter>Application</Filter>
    </ClCompile>
  </ItemGroup>
  <ItemGroup>
    <ClInclude Include="include\PLRenderer\PLRenderer.h">
      <Filter>Source Files</Filter>
    </ClInclude>
    <ClInclude Include="include\PLRenderer\PLRendererLinux.h">
      <Filter>Source Files</Filter>
    </ClInclude>
    <ClInclude Include="include\PLRenderer\PLRendererWindows.h">
      <Filter>Source Files</Filter>
    </ClInclude>
    <ClInclude Include="include\PLRenderer\RendererContext.h">
      <Filter>Source Files</Filter>
    </ClInclude>
    <ClInclude Include="include\PLRenderer\SPDefault.h">
      <Filter>Source Files</Filter>
    </ClInclude>
    <ClInclude Include="include\PLRenderer\SPPreview.h">
      <Filter>Source Files</Filter>
    </ClInclude>
    <ClInclude Include="include\PLRenderer\Texture\AniInfo.h">
      <Filter>Texture</Filter>
    </ClInclude>
    <ClInclude Include="include\PLRenderer\Texture\AniInfoHandler.h">
      <Filter>Texture</Filter>
    </ClInclude>
    <ClInclude Include="include\PLRenderer\Texture\AniInfoManager.h">
      <Filter>Texture</Filter>
    </ClInclude>
    <ClInclude Include="include\PLRenderer\Texture\SPTexturePreview.h">
      <Filter>Texture</Filter>
    </ClInclude>
    <ClInclude Include="include\PLRenderer\Texture\Texture.h">
      <Filter>Texture</Filter>
    </ClInclude>
    <ClInclude Include="include\PLRenderer\Texture\TextureAni.h">
      <Filter>Texture</Filter>
    </ClInclude>
    <ClInclude Include="include\PLRenderer\Texture\TextureAniLoader.h">
      <Filter>Texture</Filter>
    </ClInclude>
    <ClInclude Include="include\PLRenderer\Texture\TextureAniLoaderPL.h">
      <Filter>Texture</Filter>
    </ClInclude>
    <ClInclude Include="include\PLRenderer\Texture\TextureHandler.h">
      <Filter>Texture</Filter>
    </ClInclude>
    <ClInclude Include="include\PLRenderer\Texture\TextureManager.h">
      <Filter>Texture</Filter>
    </ClInclude>
    <ClInclude Include="include\PLRenderer\Texture\Creator\TextureCreator.h">
      <Filter>Texture\Creator</Filter>
    </ClInclude>
    <ClInclude Include="include\PLRenderer\Texture\Creator\TextureCreatorAngleCubeMap.h">
      <Filter>Texture\Creator</Filter>
    </ClInclude>
    <ClInclude Include="include\PLRenderer\Texture\Creator\TextureCreatorASCII3D.h">
      <Filter>Texture\Creator</Filter>
    </ClInclude>
    <ClInclude Include="include\PLRenderer\Texture\Creator\TextureCreatorBlank2D.h">
      <Filter>Texture\Creator</Filter>
    </ClInclude>
    <ClInclude Include="include\PLRenderer\Texture\Creator\TextureCreatorHorizonMap3D.h">
      <Filter>Texture\Creator</Filter>
    </ClInclude>
    <ClInclude Include="include\PLRenderer\Texture\Creator\TextureCreatorNormalizationCubeMap.h">
      <Filter>Texture\Creator</Filter>
    </ClInclude>
    <ClInclude Include="include\PLRenderer\Texture\Creator\TextureCreatorRandom2D.h">
      <Filter>Texture\Creator</Filter>
    </ClInclude>
    <ClInclude Include="include\PLRenderer\Texture\Creator\TextureCreatorSpot2D.h">
      <Filter>Texture\Creator</Filter>
    </ClInclude>
    <ClInclude Include="include\PLRenderer\Texture\Creator\TextureCreatorTurbulence3D.h">
      <Filter>Texture\Creator</Filter>
    </ClInclude>
    <ClInclude Include="include\PLRenderer\Material\Material.h">
      <Filter>Material</Filter>
    </ClInclude>
    <ClInclude Include="include\PLRenderer\Material\MaterialHandler.h">
      <Filter>Material</Filter>
    </ClInclude>
    <ClInclude Include="include\PLRenderer\Material\MaterialLoader.h">
      <Filter>Material</Filter>
    </ClInclude>
    <ClInclude Include="include\PLRenderer\Material\MaterialLoaderPL.h">
      <Filter>Material</Filter>
    </ClInclude>
    <ClInclude Include="include\PLRenderer\Material\MaterialManager.h">
      <Filter>Material</Filter>
    </ClInclude>
    <ClInclude Include="include\PLRenderer\Material\Parameter.h">
      <Filter>Material</Filter>
    </ClInclude>
    <ClInclude Include="include\PLRenderer\Material\ParameterManager.h">
      <Filter>Material</Filter>
    </ClInclude>
    <ClInclude Include="include\PLRenderer\Material\SPMaterialPreview.h">
      <Filter>Material</Filter>
    </ClInclude>
    <ClInclude Include="include\PLRenderer\Effect\Effect.h">
      <Filter>Effect</Filter>
    </ClInclude>
    <ClInclude Include="include\PLRenderer\Effect\EffectHandler.h">
      <Filter>Effect</Filter>
    </ClInclude>
    <ClInclude Include="include\PLRenderer\Effect\EffectLoader.h">
      <Filter>Effect</Filter>
    </ClInclude>
    <ClInclude Include="include\PLRenderer\Effect\EffectLoaderPL.h">
      <Filter>Effect</Filter>
    </ClInclude>
    <ClInclude Include="include\PLRenderer\Effect\EffectManager.h">
      <Filter>Effect</Filter>
    </ClInclude>
    <ClInclude Include="include\PLRenderer\Effect\EffectPass.h">
      <Filter>Effect</Filter>
    </ClInclude>
    <ClInclude Include="include\PLRenderer\Effect\EffectPassLayer.h">
      <Filter>Effect</Filter>
    </ClInclude>
    <ClInclude Include="include\PLRenderer\Effect\EffectTechnique.h">
      <Filter>Effect</Filter>
    </ClInclude>
    <ClInclude Include="include\PLRenderer\Effect\SPEffectPreview.h">
      <Filter>Effect</Filter>
    </ClInclude>
    <ClInclude Include="include\PLRenderer\Animation\Animation.h">
      <Filter>Animation</Filter>
    </ClInclude>
    <ClInclude Include="include\PLRenderer\Animation\AnimationBase.h">
      <Filter>Animation</Filter>
    </ClInclude>
    <ClInclude Include="include\PLRenderer\Animation\AnimationEvent.h">
      <Filter>Animation</Filter>
    </ClInclude>
    <ClInclude Include="include\PLRenderer\Animation\AnimationFrameInfo.h">
      <Filter>Animation</Filter>
    </ClInclude>
    <ClInclude Include="include\PLRenderer\Animation\AnimationHandler.h">
      <Filter>Animation</Filter>
    </ClInclude>
    <ClInclude Include="include\PLRenderer\Animation\AnimationInfo.h">
      <Filter>Animation</Filter>
    </ClInclude>
    <ClInclude Include="include\PLRenderer\Animation\AnimationManager.h">
      <Filter>Animation</Filter>
    </ClInclude>
    <ClInclude Include="include\PLRenderer\Renderer\Buffer.h">
      <Filter>Renderer</Filter>
    </ClInclude>
    <ClInclude Include="include\PLRenderer\Renderer\DrawHelpers.h">
      <Filter>Renderer</Filter>
    </ClInclude>
    <ClInclude Include="include\PLRenderer\Renderer\FixedFunctions.h">
      <Filter>Renderer</Filter>
    </ClInclude>
    <ClInclude Include="include\PLRenderer\Renderer\FixedFunctionsRenderStates.h">
      <Filter>Renderer</Filter>
    </ClInclude>
    <ClInclude Include="include\PLRenderer\Renderer\FixedFunctionsTextureStageStates.h">
      <Filter>Renderer</Filter>
    </ClInclude>
    <ClInclude Include="include\PLRenderer\Renderer\Font.h">
      <Filter>Renderer</Filter>
    </ClInclude>
    <ClInclude Include="include\PLRenderer\Renderer\FontGlyph.h">
      <Filter>Renderer</Filter>
    </ClInclude>
    <ClInclude Include="include\PLRenderer\Renderer\FontGlyphTexture.h">
      <Filter>Renderer</Filter>
    </ClInclude>
    <ClInclude Include="include\PLRenderer\Renderer\FontManager.h">
      <Filter>Renderer</Filter>
    </ClInclude>
    <ClInclude Include="include\PLRenderer\Renderer\FontTexture.h">
      <Filter>Renderer</Filter>
    </ClInclude>
    <ClInclude Include="include\PLRenderer\Renderer\FragmentShader.h">
      <Filter>Renderer</Filter>
    </ClInclude>
    <ClInclude Include="include\PLRenderer\Renderer\GeometryShader.h">
      <Filter>Renderer</Filter>
    </ClInclude>
    <ClInclude Include="include\PLRenderer\Renderer\IndexBuffer.h">
      <Filter>Renderer</Filter>
    </ClInclude>
    <ClInclude Include="include\PLRenderer\Renderer\OcclusionQuery.h">
      <Filter>Renderer</Filter>
    </ClInclude>
    <ClInclude Include="include\PLRenderer\Renderer\Parameters.h">
      <Filter>Renderer</Filter>
    </ClInclude>
    <ClInclude Include="include\PLRenderer\Renderer\Program.h">
      <Filter>Renderer</Filter>
    </ClInclude>
    <ClInclude Include="include\PLRenderer\Renderer\ProgramAttribute.h">
      <Filter>Renderer</Filter>
    </ClInclude>
    <ClInclude Include="include\PLRenderer\Renderer\ProgramGenerator.h">
      <Filter>Renderer</Filter>
    </ClInclude>
    <ClInclude Include="include\PLRenderer\Renderer\ProgramUniform.h">
      <Filter>Renderer</Filter>
    </ClInclude>
    <ClInclude Include="include\PLRenderer\Renderer\Renderer.h">
      <Filter>Renderer</Filter>
    </ClInclude>
    <ClInclude Include="include\PLRenderer\Renderer\RenderStates.h">
      <Filter>Renderer</Filter>
    </ClInclude>
    <ClInclude Include="include\PLRenderer\Renderer\Resource.h">
      <Filter>Renderer</Filter>
    </ClInclude>
    <ClInclude Include="include\PLRenderer\Renderer\ResourceHandler.h">
      <Filter>Renderer</Filter>
    </ClInclude>
    <ClInclude Include="include\PLRenderer\Renderer\SamplerStates.h">
      <Filter>Renderer</Filter>
    </ClInclude>
    <ClInclude Include="include\PLRenderer\Renderer\Shader.h">
      <Filter>Renderer</Filter>
    </ClInclude>
    <ClInclude Include="include\PLRenderer\Renderer\ShaderLanguage.h">
      <Filter>Renderer</Filter>
    </ClInclude>
    <ClInclude Include="include\PLRenderer\Renderer\Surface.h">
      <Filter>Renderer</Filter>
    </ClInclude>
    <ClInclude Include="include\PLRenderer\Renderer\SurfaceHandler.h">
      <Filter>Renderer</Filter>
    </ClInclude>
    <ClInclude Include="include\PLRenderer\Renderer\SurfacePainter.h">
      <Filter>Renderer</Filter>
    </ClInclude>
    <ClInclude Include="include\PLRenderer\Renderer\SurfaceTextureBuffer.h">
      <Filter>Renderer</Filter>
    </ClInclude>
    <ClInclude Include="include\PLRenderer\Renderer\SurfaceWindow.h">
      <Filter>Renderer</Filter>
    </ClInclude>
    <ClInclude Include="include\PLRenderer\Renderer\SurfaceWindowHandler.h">
      <Filter>Renderer</Filter>
    </ClInclude>
    <ClInclude Include="include\PLRenderer\Renderer\TextureBuffer.h">
      <Filter>Renderer</Filter>
    </ClInclude>
    <ClInclude Include="include\PLRenderer\Renderer\TextureBuffer1D.h">
      <Filter>Renderer</Filter>
    </ClInclude>
    <ClInclude Include="include\PLRenderer\Renderer\TextureBuffer2D.h">
      <Filter>Renderer</Filter>
    </ClInclude>
    <ClInclude Include="include\PLRenderer\Renderer\TextureBuffer3D.h">
      <Filter>Renderer</Filter>
    </ClInclude>
    <ClInclude Include="include\PLRenderer\Renderer\TextureBufferCube.h">
      <Filter>Renderer</Filter>
    </ClInclude>
    <ClInclude Include="include\PLRenderer\Renderer\TextureBufferRectangle.h">
      <Filter>Renderer</Filter>
    </ClInclude>
    <ClInclude Include="include\PLRenderer\Renderer\Types.h">
      <Filter>Renderer</Filter>
    </ClInclude>
    <ClInclude Include="include\PLRenderer\Renderer\VertexBuffer.h">
      <Filter>Renderer</Filter>
    </ClInclude>
    <ClInclude Include="include\PLRenderer\Renderer\VertexShader.h">
      <Filter>Renderer</Filter>
    </ClInclude>
    <ClInclude Include="include\PLRenderer\Renderer\Backend\DrawHelpersBackend.h">
      <Filter>Renderer\Backend</Filter>
    </ClInclude>
    <ClInclude Include="include\PLRenderer\Renderer\Backend\DrawHelpersBackendFixedFunctions.h">
      <Filter>Renderer\Backend</Filter>
    </ClInclude>
    <ClInclude Include="include\PLRenderer\Renderer\Backend\DrawHelpersBackendShaders.h">
      <Filter>Renderer\Backend</Filter>
    </ClInclude>
    <ClInclude Include="src\Renderer\Backend\DrawHelpersBackendShaders_Cg.h">
      <Filter>Renderer\Backend</Filter>
    </ClInclude>
    <ClInclude Include="src\Renderer\Backend\DrawHelpersBackendShaders_GLSL.h">
      <Filter>Renderer\Backend</Filter>
    </ClInclude>
    <ClInclude Include="include\PLRenderer\Renderer\Backend\RendererBackend.h">
      <Filter>Renderer\Backend</Filter>
    </ClInclude>
    <ClInclude Include="include\PLRenderer\Renderer\ProgramUniformBlock.h">
      <Filter>Renderer</Filter>
    </ClInclude>
    <ClInclude Include="include\PLRenderer\Renderer\UniformBuffer.h">
      <Filter>Renderer</Filter>
    </ClInclude>
    <ClInclude Include="include\PLRenderer\Application\RenderApplication.h">
      <Filter>Application</Filter>
    </ClInclude>
  </ItemGroup>
  <ItemGroup>
    <None Include="CMakeLists.txt" />
    <None Include="Diary.txt" />
  </ItemGroup>
</Project>