<?xml version="1.0" encoding="utf-8"?>
<Project ToolsVersion="4.0" xmlns="http://schemas.microsoft.com/developer/msbuild/2003">
  <ItemGroup>
    <Filter Include="Source Files">
      <UniqueIdentifier>{26fabc55-6a6e-4fa3-b8e7-c7f59918a361}</UniqueIdentifier>
      <Extensions>cpp;c;cxx;def;odl;idl;hpj;bat;asm</Extensions>
    </Filter>
  </ItemGroup>
  <ItemGroup>
    <ClCompile Include="src\Channel.cpp">
      <Filter>Source Files</Filter>
    </ClCompile>
    <ClCompile Include="src\IRCClient.cpp">
      <Filter>Source Files</Filter>
    </ClCompile>
    <ClCompile Include="src\IRCConnection.cpp">
      <Filter>Source Files</Filter>
    </ClCompile>
    <ClCompile Include="src\PLIRC.cpp">
      <Filter>Source Files</Filter>
    </ClCompile>
    <ClCompile Include="src\Topic.cpp">
      <Filter>Source Files</Filter>
    </ClCompile>
    <ClCompile Include="src\User.cpp">
      <Filter>Source Files</Filter>
    </ClCompile>
  </ItemGroup>
  <ItemGroup>
    <ClInclude Include="include\PLIRC\Channel.h">
      <Filter>Source Files</Filter>
    </ClInclude>
    <ClInclude Include="include\PLIRC\IRCClient.h">
      <Filter>Source Files</Filter>
    </ClInclude>
    <ClInclude Include="include\PLIRC\IRCConnection.h">
      <Filter>Source Files</Filter>
    </ClInclude>
    <ClInclude Include="include\PLIRC\PLIRC.h">
      <Filter>Source Files</Filter>
    </ClInclude>
    <ClInclude Include="include\PLIRC\Topic.h">
      <Filter>Source Files</Filter>
    </ClInclude>
    <ClInclude Include="include\PLIRC\User.h">
      <Filter>Source Files</Filter>
    </ClInclude>
  </ItemGroup>
  <ItemGroup>
    <None Include="CMakeLists.txt" />
    <None Include="Diary.txt" />
  </ItemGroup>
</Project>